// !$*UTF8*$!
{
	archiveVersion = 1;
	classes = {
	};
	objectVersion = 56;
	objects = {

/* Begin PBXBuildFile section */
		042357872A9DD9360021972B /* AppDelegate.swift in Sources */ = {isa = PBXBuildFile; fileRef = 042357862A9DD9360021972B /* AppDelegate.swift */; };
		042357892A9DD9360021972B /* SceneDelegate.swift in Sources */ = {isa = PBXBuildFile; fileRef = 042357882A9DD9360021972B /* SceneDelegate.swift */; };
		042357902A9DD9370021972B /* Assets.xcassets in Resources */ = {isa = PBXBuildFile; fileRef = 0423578F2A9DD9370021972B /* Assets.xcassets */; };
		042357932A9DD9370021972B /* LaunchScreen.storyboard in Resources */ = {isa = PBXBuildFile; fileRef = 042357912A9DD9370021972B /* LaunchScreen.storyboard */; };
		0423579E2A9DD9370021972B /* BestShotTests.swift in Sources */ = {isa = PBXBuildFile; fileRef = 0423579D2A9DD9370021972B /* BestShotTests.swift */; };
		042357A82A9DD9370021972B /* BestShotUITests.swift in Sources */ = {isa = PBXBuildFile; fileRef = 042357A72A9DD9370021972B /* BestShotUITests.swift */; };
		042357AA2A9DD9370021972B /* BestShotUITestsLaunchTests.swift in Sources */ = {isa = PBXBuildFile; fileRef = 042357A92A9DD9370021972B /* BestShotUITestsLaunchTests.swift */; };
		04F9279B2A9DDD3B00CC3F52 /* Constant.swift in Sources */ = {isa = PBXBuildFile; fileRef = 04F9279A2A9DDD3B00CC3F52 /* Constant.swift */; };
		04F9279D2A9DE01F00CC3F52 /* Coordinator.swift in Sources */ = {isa = PBXBuildFile; fileRef = 04F9279C2A9DE01F00CC3F52 /* Coordinator.swift */; };
		04F9279F2A9DE0C700CC3F52 /* MainCoordinator.swift in Sources */ = {isa = PBXBuildFile; fileRef = 04F9279E2A9DE0C700CC3F52 /* MainCoordinator.swift */; };
		04F927A22A9DE20100CC3F52 /* UINavigationController.swift in Sources */ = {isa = PBXBuildFile; fileRef = 04F927A12A9DE20100CC3F52 /* UINavigationController.swift */; };
		04F927A42A9DE39C00CC3F52 /* UISplashController.swift in Sources */ = {isa = PBXBuildFile; fileRef = 04F927A32A9DE39C00CC3F52 /* UISplashController.swift */; };
		04F927A62A9DE41700CC3F52 /* UIView.swift in Sources */ = {isa = PBXBuildFile; fileRef = 04F927A52A9DE41700CC3F52 /* UIView.swift */; };
		04F927A82A9DE56C00CC3F52 /* UIColor.swift in Sources */ = {isa = PBXBuildFile; fileRef = 04F927A72A9DE56C00CC3F52 /* UIColor.swift */; };
		04F927AC2A9DE74800CC3F52 /* UIPhotosController.swift in Sources */ = {isa = PBXBuildFile; fileRef = 04F927AB2A9DE74800CC3F52 /* UIPhotosController.swift */; };
		04F927AF2A9DE9AA00CC3F52 /* UIBaseViewController.swift in Sources */ = {isa = PBXBuildFile; fileRef = 04F927AE2A9DE9AA00CC3F52 /* UIBaseViewController.swift */; };
		04F927B12A9DE9E200CC3F52 /* BaseViewModel.swift in Sources */ = {isa = PBXBuildFile; fileRef = 04F927B02A9DE9E200CC3F52 /* BaseViewModel.swift */; };
		04F927B32A9DEA2700CC3F52 /* ErrorDataView.swift in Sources */ = {isa = PBXBuildFile; fileRef = 04F927B22A9DEA2700CC3F52 /* ErrorDataView.swift */; };
		04F927B72A9DEABD00CC3F52 /* PhotosViewModel.swift in Sources */ = {isa = PBXBuildFile; fileRef = 04F927B62A9DEABD00CC3F52 /* PhotosViewModel.swift */; };
		04F927B92A9DEAFC00CC3F52 /* PhotosViewModelProtocol.swift in Sources */ = {isa = PBXBuildFile; fileRef = 04F927B82A9DEAFC00CC3F52 /* PhotosViewModelProtocol.swift */; };
		04F927BE2A9DEFE000CC3F52 /* Methods.swift in Sources */ = {isa = PBXBuildFile; fileRef = 04F927BD2A9DEFE000CC3F52 /* Methods.swift */; };
		04F927C02A9DF01100CC3F52 /* NetworkError.swift in Sources */ = {isa = PBXBuildFile; fileRef = 04F927BF2A9DF01100CC3F52 /* NetworkError.swift */; };
		04F927C22A9DF12300CC3F52 /* NetworkManagerProtocol.swift in Sources */ = {isa = PBXBuildFile; fileRef = 04F927C12A9DF12300CC3F52 /* NetworkManagerProtocol.swift */; };
		04F927C42A9DF13500CC3F52 /* NetworkManager.swift in Sources */ = {isa = PBXBuildFile; fileRef = 04F927C32A9DF13500CC3F52 /* NetworkManager.swift */; };
		04F927C62A9DF14700CC3F52 /* Endpoint.swift in Sources */ = {isa = PBXBuildFile; fileRef = 04F927C52A9DF14700CC3F52 /* Endpoint.swift */; };
		04F927C82A9DFE3400CC3F52 /* String.swift in Sources */ = {isa = PBXBuildFile; fileRef = 04F927C72A9DFE3400CC3F52 /* String.swift */; };
		04F927CA2A9DFE5400CC3F52 /* Dictionary.swift in Sources */ = {isa = PBXBuildFile; fileRef = 04F927C92A9DFE5400CC3F52 /* Dictionary.swift */; };
		04F927CF2A9E00B200CC3F52 /* PhotosEndpoint.swift in Sources */ = {isa = PBXBuildFile; fileRef = 04F927CE2A9E00B200CC3F52 /* PhotosEndpoint.swift */; };
		04F927D12A9E012000CC3F52 /* PhotoService.swift in Sources */ = {isa = PBXBuildFile; fileRef = 04F927D02A9E012000CC3F52 /* PhotoService.swift */; };
		04F927D62A9E017C00CC3F52 /* Photo.swift in Sources */ = {isa = PBXBuildFile; fileRef = 04F927D52A9E017C00CC3F52 /* Photo.swift */; };
		04F927D82A9E01D100CC3F52 /* SearchParams.swift in Sources */ = {isa = PBXBuildFile; fileRef = 04F927D72A9E01D100CC3F52 /* SearchParams.swift */; };
		04F927DA2A9E022700CC3F52 /* SearchPhotoResponse.swift in Sources */ = {isa = PBXBuildFile; fileRef = 04F927D92A9E022700CC3F52 /* SearchPhotoResponse.swift */; };
		04F927DD2A9E08F300CC3F52 /* PhotoViewData.swift in Sources */ = {isa = PBXBuildFile; fileRef = 04F927DC2A9E08F300CC3F52 /* PhotoViewData.swift */; };
		04F927DF2A9E0BAC00CC3F52 /* UICollectionView.swift in Sources */ = {isa = PBXBuildFile; fileRef = 04F927DE2A9E0BAC00CC3F52 /* UICollectionView.swift */; };
		04F927E22A9E0CA900CC3F52 /* UIPhotoCell.swift in Sources */ = {isa = PBXBuildFile; fileRef = 04F927E12A9E0CA900CC3F52 /* UIPhotoCell.swift */; };
		04F927E42A9E1CCB00CC3F52 /* UIDynamicCollectionLayout.swift in Sources */ = {isa = PBXBuildFile; fileRef = 04F927E32A9E1CCB00CC3F52 /* UIDynamicCollectionLayout.swift */; };
		04F927E72A9E378C00CC3F52 /* UISearchView.swift in Sources */ = {isa = PBXBuildFile; fileRef = 04F927E62A9E378C00CC3F52 /* UISearchView.swift */; };
		04F927E92A9E401F00CC3F52 /* UITableView.swift in Sources */ = {isa = PBXBuildFile; fileRef = 04F927E82A9E401F00CC3F52 /* UITableView.swift */; };
		04F927EB2A9E406800CC3F52 /* UISearchHistoryCell.swift in Sources */ = {isa = PBXBuildFile; fileRef = 04F927EA2A9E406800CC3F52 /* UISearchHistoryCell.swift */; };
		04F927ED2A9E50DA00CC3F52 /* Reactive.swift in Sources */ = {isa = PBXBuildFile; fileRef = 04F927EC2A9E50DA00CC3F52 /* Reactive.swift */; };
		04F927F02A9E5AAC00CC3F52 /* CacheManagerProtocol.swift in Sources */ = {isa = PBXBuildFile; fileRef = 04F927EF2A9E5AAC00CC3F52 /* CacheManagerProtocol.swift */; };
		04F927F22A9E5ABC00CC3F52 /* CacheManager.swift in Sources */ = {isa = PBXBuildFile; fileRef = 04F927F12A9E5ABC00CC3F52 /* CacheManager.swift */; };
		04F927F52A9E7EBB00CC3F52 /* NSManagedObject.swift in Sources */ = {isa = PBXBuildFile; fileRef = 04F927F42A9E7EBB00CC3F52 /* NSManagedObject.swift */; };
		04F927F82A9E7EFC00CC3F52 /* QueryModel.xcdatamodeld in Sources */ = {isa = PBXBuildFile; fileRef = 04F927F62A9E7EFC00CC3F52 /* QueryModel.xcdatamodeld */; };
		04F927FA2A9E7F4F00CC3F52 /* Query.swift in Sources */ = {isa = PBXBuildFile; fileRef = 04F927F92A9E7F4F00CC3F52 /* Query.swift */; };
		04F927FC2A9E7FDE00CC3F52 /* QueryObject.swift in Sources */ = {isa = PBXBuildFile; fileRef = 04F927FB2A9E7FDE00CC3F52 /* QueryObject.swift */; };
		5273B898FC55748AB913F5E9 /* Pods_BestShot_BestShotUITests.framework in Frameworks */ = {isa = PBXBuildFile; fileRef = 23A0162DA61D2632C9629DC7 /* Pods_BestShot_BestShotUITests.framework */; };
		BBC173631E7EE91969B72841 /* Pods_BestShot.framework in Frameworks */ = {isa = PBXBuildFile; fileRef = 3C5F301D378261619B9B70F2 /* Pods_BestShot.framework */; };
		C0F67B0AAFC5D9C6A8591E57 /* Pods_BestShotTests.framework in Frameworks */ = {isa = PBXBuildFile; fileRef = 60381C769022DA38BF55FF11 /* Pods_BestShotTests.framework */; };
/* End PBXBuildFile section */

/* Begin PBXContainerItemProxy section */
		0423579A2A9DD9370021972B /* PBXContainerItemProxy */ = {
			isa = PBXContainerItemProxy;
			containerPortal = 0423577B2A9DD9360021972B /* Project object */;
			proxyType = 1;
			remoteGlobalIDString = 042357822A9DD9360021972B;
			remoteInfo = BestShot;
		};
		042357A42A9DD9370021972B /* PBXContainerItemProxy */ = {
			isa = PBXContainerItemProxy;
			containerPortal = 0423577B2A9DD9360021972B /* Project object */;
			proxyType = 1;
			remoteGlobalIDString = 042357822A9DD9360021972B;
			remoteInfo = BestShot;
		};
/* End PBXContainerItemProxy section */

/* Begin PBXFileReference section */
		042357832A9DD9360021972B /* BestShot.app */ = {isa = PBXFileReference; explicitFileType = wrapper.application; includeInIndex = 0; path = BestShot.app; sourceTree = BUILT_PRODUCTS_DIR; };
		042357862A9DD9360021972B /* AppDelegate.swift */ = {isa = PBXFileReference; lastKnownFileType = sourcecode.swift; path = AppDelegate.swift; sourceTree = "<group>"; };
		042357882A9DD9360021972B /* SceneDelegate.swift */ = {isa = PBXFileReference; lastKnownFileType = sourcecode.swift; path = SceneDelegate.swift; sourceTree = "<group>"; };
		0423578F2A9DD9370021972B /* Assets.xcassets */ = {isa = PBXFileReference; lastKnownFileType = folder.assetcatalog; path = Assets.xcassets; sourceTree = "<group>"; };
		042357922A9DD9370021972B /* Base */ = {isa = PBXFileReference; lastKnownFileType = file.storyboard; name = Base; path = Base.lproj/LaunchScreen.storyboard; sourceTree = "<group>"; };
		042357942A9DD9370021972B /* Info.plist */ = {isa = PBXFileReference; lastKnownFileType = text.plist.xml; path = Info.plist; sourceTree = "<group>"; };
		042357992A9DD9370021972B /* BestShotTests.xctest */ = {isa = PBXFileReference; explicitFileType = wrapper.cfbundle; includeInIndex = 0; path = BestShotTests.xctest; sourceTree = BUILT_PRODUCTS_DIR; };
		0423579D2A9DD9370021972B /* BestShotTests.swift */ = {isa = PBXFileReference; lastKnownFileType = sourcecode.swift; path = BestShotTests.swift; sourceTree = "<group>"; };
		042357A32A9DD9370021972B /* BestShotUITests.xctest */ = {isa = PBXFileReference; explicitFileType = wrapper.cfbundle; includeInIndex = 0; path = BestShotUITests.xctest; sourceTree = BUILT_PRODUCTS_DIR; };
		042357A72A9DD9370021972B /* BestShotUITests.swift */ = {isa = PBXFileReference; lastKnownFileType = sourcecode.swift; path = BestShotUITests.swift; sourceTree = "<group>"; };
		042357A92A9DD9370021972B /* BestShotUITestsLaunchTests.swift */ = {isa = PBXFileReference; lastKnownFileType = sourcecode.swift; path = BestShotUITestsLaunchTests.swift; sourceTree = "<group>"; };
		04F9279A2A9DDD3B00CC3F52 /* Constant.swift */ = {isa = PBXFileReference; lastKnownFileType = sourcecode.swift; path = Constant.swift; sourceTree = "<group>"; };
		04F9279C2A9DE01F00CC3F52 /* Coordinator.swift */ = {isa = PBXFileReference; lastKnownFileType = sourcecode.swift; path = Coordinator.swift; sourceTree = "<group>"; };
		04F9279E2A9DE0C700CC3F52 /* MainCoordinator.swift */ = {isa = PBXFileReference; lastKnownFileType = sourcecode.swift; path = MainCoordinator.swift; sourceTree = "<group>"; };
		04F927A12A9DE20100CC3F52 /* UINavigationController.swift */ = {isa = PBXFileReference; lastKnownFileType = sourcecode.swift; path = UINavigationController.swift; sourceTree = "<group>"; };
		04F927A32A9DE39C00CC3F52 /* UISplashController.swift */ = {isa = PBXFileReference; lastKnownFileType = sourcecode.swift; path = UISplashController.swift; sourceTree = "<group>"; };
		04F927A52A9DE41700CC3F52 /* UIView.swift */ = {isa = PBXFileReference; lastKnownFileType = sourcecode.swift; path = UIView.swift; sourceTree = "<group>"; };
		04F927A72A9DE56C00CC3F52 /* UIColor.swift */ = {isa = PBXFileReference; lastKnownFileType = sourcecode.swift; path = UIColor.swift; sourceTree = "<group>"; };
		04F927AB2A9DE74800CC3F52 /* UIPhotosController.swift */ = {isa = PBXFileReference; lastKnownFileType = sourcecode.swift; path = UIPhotosController.swift; sourceTree = "<group>"; };
		04F927AE2A9DE9AA00CC3F52 /* UIBaseViewController.swift */ = {isa = PBXFileReference; lastKnownFileType = sourcecode.swift; path = UIBaseViewController.swift; sourceTree = "<group>"; };
		04F927B02A9DE9E200CC3F52 /* BaseViewModel.swift */ = {isa = PBXFileReference; lastKnownFileType = sourcecode.swift; path = BaseViewModel.swift; sourceTree = "<group>"; };
		04F927B22A9DEA2700CC3F52 /* ErrorDataView.swift */ = {isa = PBXFileReference; lastKnownFileType = sourcecode.swift; path = ErrorDataView.swift; sourceTree = "<group>"; };
		04F927B62A9DEABD00CC3F52 /* PhotosViewModel.swift */ = {isa = PBXFileReference; lastKnownFileType = sourcecode.swift; path = PhotosViewModel.swift; sourceTree = "<group>"; };
		04F927B82A9DEAFC00CC3F52 /* PhotosViewModelProtocol.swift */ = {isa = PBXFileReference; lastKnownFileType = sourcecode.swift; path = PhotosViewModelProtocol.swift; sourceTree = "<group>"; };
		04F927BD2A9DEFE000CC3F52 /* Methods.swift */ = {isa = PBXFileReference; lastKnownFileType = sourcecode.swift; path = Methods.swift; sourceTree = "<group>"; };
		04F927BF2A9DF01100CC3F52 /* NetworkError.swift */ = {isa = PBXFileReference; lastKnownFileType = sourcecode.swift; path = NetworkError.swift; sourceTree = "<group>"; };
		04F927C12A9DF12300CC3F52 /* NetworkManagerProtocol.swift */ = {isa = PBXFileReference; lastKnownFileType = sourcecode.swift; path = NetworkManagerProtocol.swift; sourceTree = "<group>"; };
		04F927C32A9DF13500CC3F52 /* NetworkManager.swift */ = {isa = PBXFileReference; lastKnownFileType = sourcecode.swift; path = NetworkManager.swift; sourceTree = "<group>"; };
		04F927C52A9DF14700CC3F52 /* Endpoint.swift */ = {isa = PBXFileReference; lastKnownFileType = sourcecode.swift; path = Endpoint.swift; sourceTree = "<group>"; };
		04F927C72A9DFE3400CC3F52 /* String.swift */ = {isa = PBXFileReference; lastKnownFileType = sourcecode.swift; path = String.swift; sourceTree = "<group>"; };
		04F927C92A9DFE5400CC3F52 /* Dictionary.swift */ = {isa = PBXFileReference; lastKnownFileType = sourcecode.swift; path = Dictionary.swift; sourceTree = "<group>"; };
		04F927CE2A9E00B200CC3F52 /* PhotosEndpoint.swift */ = {isa = PBXFileReference; lastKnownFileType = sourcecode.swift; path = PhotosEndpoint.swift; sourceTree = "<group>"; };
		04F927D02A9E012000CC3F52 /* PhotoService.swift */ = {isa = PBXFileReference; lastKnownFileType = sourcecode.swift; path = PhotoService.swift; sourceTree = "<group>"; };
		04F927D52A9E017C00CC3F52 /* Photo.swift */ = {isa = PBXFileReference; lastKnownFileType = sourcecode.swift; path = Photo.swift; sourceTree = "<group>"; };
		04F927D72A9E01D100CC3F52 /* SearchParams.swift */ = {isa = PBXFileReference; lastKnownFileType = sourcecode.swift; path = SearchParams.swift; sourceTree = "<group>"; };
		04F927D92A9E022700CC3F52 /* SearchPhotoResponse.swift */ = {isa = PBXFileReference; lastKnownFileType = sourcecode.swift; path = SearchPhotoResponse.swift; sourceTree = "<group>"; };
		04F927DC2A9E08F300CC3F52 /* PhotoViewData.swift */ = {isa = PBXFileReference; lastKnownFileType = sourcecode.swift; path = PhotoViewData.swift; sourceTree = "<group>"; };
		04F927DE2A9E0BAC00CC3F52 /* UICollectionView.swift */ = {isa = PBXFileReference; lastKnownFileType = sourcecode.swift; path = UICollectionView.swift; sourceTree = "<group>"; };
		04F927E12A9E0CA900CC3F52 /* UIPhotoCell.swift */ = {isa = PBXFileReference; lastKnownFileType = sourcecode.swift; path = UIPhotoCell.swift; sourceTree = "<group>"; };
		04F927E32A9E1CCB00CC3F52 /* UIDynamicCollectionLayout.swift */ = {isa = PBXFileReference; lastKnownFileType = sourcecode.swift; path = UIDynamicCollectionLayout.swift; sourceTree = "<group>"; };
		04F927E62A9E378C00CC3F52 /* UISearchView.swift */ = {isa = PBXFileReference; lastKnownFileType = sourcecode.swift; path = UISearchView.swift; sourceTree = "<group>"; };
		04F927E82A9E401F00CC3F52 /* UITableView.swift */ = {isa = PBXFileReference; lastKnownFileType = sourcecode.swift; path = UITableView.swift; sourceTree = "<group>"; };
		04F927EA2A9E406800CC3F52 /* UISearchHistoryCell.swift */ = {isa = PBXFileReference; lastKnownFileType = sourcecode.swift; path = UISearchHistoryCell.swift; sourceTree = "<group>"; };
		04F927EC2A9E50DA00CC3F52 /* Reactive.swift */ = {isa = PBXFileReference; lastKnownFileType = sourcecode.swift; path = Reactive.swift; sourceTree = "<group>"; };
		04F927EF2A9E5AAC00CC3F52 /* CacheManagerProtocol.swift */ = {isa = PBXFileReference; lastKnownFileType = sourcecode.swift; path = CacheManagerProtocol.swift; sourceTree = "<group>"; };
		04F927F12A9E5ABC00CC3F52 /* CacheManager.swift */ = {isa = PBXFileReference; lastKnownFileType = sourcecode.swift; path = CacheManager.swift; sourceTree = "<group>"; };
		04F927F42A9E7EBB00CC3F52 /* NSManagedObject.swift */ = {isa = PBXFileReference; lastKnownFileType = sourcecode.swift; path = NSManagedObject.swift; sourceTree = "<group>"; };
		04F927F72A9E7EFC00CC3F52 /* QueryModel.xcdatamodel */ = {isa = PBXFileReference; lastKnownFileType = wrapper.xcdatamodel; path = QueryModel.xcdatamodel; sourceTree = "<group>"; };
		04F927F92A9E7F4F00CC3F52 /* Query.swift */ = {isa = PBXFileReference; lastKnownFileType = sourcecode.swift; path = Query.swift; sourceTree = "<group>"; };
		04F927FB2A9E7FDE00CC3F52 /* QueryObject.swift */ = {isa = PBXFileReference; lastKnownFileType = sourcecode.swift; path = QueryObject.swift; sourceTree = "<group>"; };
		20E87EA572F951839133863E /* Pods-BestShotTests.debug.xcconfig */ = {isa = PBXFileReference; includeInIndex = 1; lastKnownFileType = text.xcconfig; name = "Pods-BestShotTests.debug.xcconfig"; path = "Target Support Files/Pods-BestShotTests/Pods-BestShotTests.debug.xcconfig"; sourceTree = "<group>"; };
		23A0162DA61D2632C9629DC7 /* Pods_BestShot_BestShotUITests.framework */ = {isa = PBXFileReference; explicitFileType = wrapper.framework; includeInIndex = 0; path = Pods_BestShot_BestShotUITests.framework; sourceTree = BUILT_PRODUCTS_DIR; };
		3C5F301D378261619B9B70F2 /* Pods_BestShot.framework */ = {isa = PBXFileReference; explicitFileType = wrapper.framework; includeInIndex = 0; path = Pods_BestShot.framework; sourceTree = BUILT_PRODUCTS_DIR; };
		60381C769022DA38BF55FF11 /* Pods_BestShotTests.framework */ = {isa = PBXFileReference; explicitFileType = wrapper.framework; includeInIndex = 0; path = Pods_BestShotTests.framework; sourceTree = BUILT_PRODUCTS_DIR; };
		63E41F365A193FB0FB41F4C9 /* Pods-BestShotTests.release.xcconfig */ = {isa = PBXFileReference; includeInIndex = 1; lastKnownFileType = text.xcconfig; name = "Pods-BestShotTests.release.xcconfig"; path = "Target Support Files/Pods-BestShotTests/Pods-BestShotTests.release.xcconfig"; sourceTree = "<group>"; };
		7C6E54B28EDA785E9781C958 /* Pods-BestShot.debug.xcconfig */ = {isa = PBXFileReference; includeInIndex = 1; lastKnownFileType = text.xcconfig; name = "Pods-BestShot.debug.xcconfig"; path = "Target Support Files/Pods-BestShot/Pods-BestShot.debug.xcconfig"; sourceTree = "<group>"; };
		826662E816BE38697E05C467 /* Pods-BestShot.release.xcconfig */ = {isa = PBXFileReference; includeInIndex = 1; lastKnownFileType = text.xcconfig; name = "Pods-BestShot.release.xcconfig"; path = "Target Support Files/Pods-BestShot/Pods-BestShot.release.xcconfig"; sourceTree = "<group>"; };
		D2B6A1116BE14F5F0FA31328 /* Pods-BestShot-BestShotUITests.debug.xcconfig */ = {isa = PBXFileReference; includeInIndex = 1; lastKnownFileType = text.xcconfig; name = "Pods-BestShot-BestShotUITests.debug.xcconfig"; path = "Target Support Files/Pods-BestShot-BestShotUITests/Pods-BestShot-BestShotUITests.debug.xcconfig"; sourceTree = "<group>"; };
		D56808E2A5E62CF189C6726D /* Pods-BestShot-BestShotUITests.release.xcconfig */ = {isa = PBXFileReference; includeInIndex = 1; lastKnownFileType = text.xcconfig; name = "Pods-BestShot-BestShotUITests.release.xcconfig"; path = "Target Support Files/Pods-BestShot-BestShotUITests/Pods-BestShot-BestShotUITests.release.xcconfig"; sourceTree = "<group>"; };
/* End PBXFileReference section */

/* Begin PBXFrameworksBuildPhase section */
		042357802A9DD9360021972B /* Frameworks */ = {
			isa = PBXFrameworksBuildPhase;
			buildActionMask = 2147483647;
			files = (
				BBC173631E7EE91969B72841 /* Pods_BestShot.framework in Frameworks */,
			);
			runOnlyForDeploymentPostprocessing = 0;
		};
		042357962A9DD9370021972B /* Frameworks */ = {
			isa = PBXFrameworksBuildPhase;
			buildActionMask = 2147483647;
			files = (
				C0F67B0AAFC5D9C6A8591E57 /* Pods_BestShotTests.framework in Frameworks */,
			);
			runOnlyForDeploymentPostprocessing = 0;
		};
		042357A02A9DD9370021972B /* Frameworks */ = {
			isa = PBXFrameworksBuildPhase;
			buildActionMask = 2147483647;
			files = (
				5273B898FC55748AB913F5E9 /* Pods_BestShot_BestShotUITests.framework in Frameworks */,
			);
			runOnlyForDeploymentPostprocessing = 0;
		};
/* End PBXFrameworksBuildPhase section */

/* Begin PBXGroup section */
		0423577A2A9DD9360021972B = {
			isa = PBXGroup;
			children = (
				042357852A9DD9360021972B /* BestShot */,
				0423579C2A9DD9370021972B /* BestShotTests */,
				042357A62A9DD9370021972B /* BestShotUITests */,
				042357842A9DD9360021972B /* Products */,
				62C0E991A696759C9D5997CF /* Pods */,
				DC0A05EC8D45ACFE7F088B7E /* Frameworks */,
			);
			sourceTree = "<group>";
		};
		042357842A9DD9360021972B /* Products */ = {
			isa = PBXGroup;
			children = (
				042357832A9DD9360021972B /* BestShot.app */,
				042357992A9DD9370021972B /* BestShotTests.xctest */,
				042357A32A9DD9370021972B /* BestShotUITests.xctest */,
			);
			name = Products;
			sourceTree = "<group>";
		};
		042357852A9DD9360021972B /* BestShot */ = {
			isa = PBXGroup;
			children = (
				04F927942A9DDBAE00CC3F52 /* Screens */,
				04F927BA2A9DEF7B00CC3F52 /* NetworkManager */,
				04F927EE2A9E5A9A00CC3F52 /* CacheManager */,
				04F927952A9DDBFD00CC3F52 /* Utilities */,
				04F927962A9DDC0B00CC3F52 /* Resources */,
			);
			path = BestShot;
			sourceTree = "<group>";
		};
		0423579C2A9DD9370021972B /* BestShotTests */ = {
			isa = PBXGroup;
			children = (
				0423579D2A9DD9370021972B /* BestShotTests.swift */,
			);
			path = BestShotTests;
			sourceTree = "<group>";
		};
		042357A62A9DD9370021972B /* BestShotUITests */ = {
			isa = PBXGroup;
			children = (
				042357A72A9DD9370021972B /* BestShotUITests.swift */,
				042357A92A9DD9370021972B /* BestShotUITestsLaunchTests.swift */,
			);
			path = BestShotUITests;
			sourceTree = "<group>";
		};
		04F927942A9DDBAE00CC3F52 /* Screens */ = {
			isa = PBXGroup;
			children = (
				04F927AD2A9DE98F00CC3F52 /* Base */,
				04F927972A9DDC6900CC3F52 /* Splash */,
				04F927982A9DDC7800CC3F52 /* Photos */,
			);
			path = Screens;
			sourceTree = "<group>";
		};
		04F927952A9DDBFD00CC3F52 /* Utilities */ = {
			isa = PBXGroup;
			children = (
				04F927A02A9DE1F000CC3F52 /* Extensions */,
				04F927992A9DDCAA00CC3F52 /* Coordinator */,
				042357862A9DD9360021972B /* AppDelegate.swift */,
				042357882A9DD9360021972B /* SceneDelegate.swift */,
				04F9279A2A9DDD3B00CC3F52 /* Constant.swift */,
				042357942A9DD9370021972B /* Info.plist */,
			);
			path = Utilities;
			sourceTree = "<group>";
		};
		04F927962A9DDC0B00CC3F52 /* Resources */ = {
			isa = PBXGroup;
			children = (
				0423578F2A9DD9370021972B /* Assets.xcassets */,
			);
			path = Resources;
			sourceTree = "<group>";
		};
		04F927972A9DDC6900CC3F52 /* Splash */ = {
			isa = PBXGroup;
			children = (
				04F927A92A9DE69B00CC3F52 /* Views */,
			);
			path = Splash;
			sourceTree = "<group>";
		};
		04F927982A9DDC7800CC3F52 /* Photos */ = {
			isa = PBXGroup;
			children = (
				04F927DB2A9E08E900CC3F52 /* Model */,
				04F927B52A9DEAA900CC3F52 /* ViewModel */,
				04F927AA2A9DE73300CC3F52 /* Views */,
			);
			path = Photos;
			sourceTree = "<group>";
		};
		04F927992A9DDCAA00CC3F52 /* Coordinator */ = {
			isa = PBXGroup;
			children = (
				04F9279C2A9DE01F00CC3F52 /* Coordinator.swift */,
				04F9279E2A9DE0C700CC3F52 /* MainCoordinator.swift */,
			);
			path = Coordinator;
			sourceTree = "<group>";
		};
		04F927A02A9DE1F000CC3F52 /* Extensions */ = {
			isa = PBXGroup;
			children = (
				04F927A12A9DE20100CC3F52 /* UINavigationController.swift */,
				04F927A52A9DE41700CC3F52 /* UIView.swift */,
				04F927A72A9DE56C00CC3F52 /* UIColor.swift */,
				04F927C72A9DFE3400CC3F52 /* String.swift */,
				04F927C92A9DFE5400CC3F52 /* Dictionary.swift */,
				04F927DE2A9E0BAC00CC3F52 /* UICollectionView.swift */,
				04F927E82A9E401F00CC3F52 /* UITableView.swift */,
				04F927EC2A9E50DA00CC3F52 /* Reactive.swift */,
			);
			path = Extensions;
			sourceTree = "<group>";
		};
		04F927A92A9DE69B00CC3F52 /* Views */ = {
			isa = PBXGroup;
			children = (
				04F927A32A9DE39C00CC3F52 /* UISplashController.swift */,
				042357912A9DD9370021972B /* LaunchScreen.storyboard */,
			);
			path = Views;
			sourceTree = "<group>";
		};
		04F927AA2A9DE73300CC3F52 /* Views */ = {
			isa = PBXGroup;
			children = (
				04F927E52A9E374300CC3F52 /* Custom */,
				04F927E02A9E0C9D00CC3F52 /* Cells */,
				04F927AB2A9DE74800CC3F52 /* UIPhotosController.swift */,
			);
			path = Views;
			sourceTree = "<group>";
		};
		04F927AD2A9DE98F00CC3F52 /* Base */ = {
			isa = PBXGroup;
			children = (
				04F927B42A9DEA4000CC3F52 /* Model */,
				04F927AE2A9DE9AA00CC3F52 /* UIBaseViewController.swift */,
				04F927B02A9DE9E200CC3F52 /* BaseViewModel.swift */,
			);
			path = Base;
			sourceTree = "<group>";
		};
		04F927B42A9DEA4000CC3F52 /* Model */ = {
			isa = PBXGroup;
			children = (
				04F927B22A9DEA2700CC3F52 /* ErrorDataView.swift */,
			);
			path = Model;
			sourceTree = "<group>";
		};
		04F927B52A9DEAA900CC3F52 /* ViewModel */ = {
			isa = PBXGroup;
			children = (
				04F927B82A9DEAFC00CC3F52 /* PhotosViewModelProtocol.swift */,
				04F927B62A9DEABD00CC3F52 /* PhotosViewModel.swift */,
			);
			path = ViewModel;
			sourceTree = "<group>";
		};
		04F927BA2A9DEF7B00CC3F52 /* NetworkManager */ = {
			isa = PBXGroup;
			children = (
				04F927D42A9E016500CC3F52 /* Models */,
				04F927CB2A9E008200CC3F52 /* Services */,
				04F927BC2A9DEF9900CC3F52 /* Enums */,
				04F927BB2A9DEF9400CC3F52 /* Base */,
			);
			path = NetworkManager;
			sourceTree = "<group>";
		};
		04F927BB2A9DEF9400CC3F52 /* Base */ = {
			isa = PBXGroup;
			children = (
				04F927C52A9DF14700CC3F52 /* Endpoint.swift */,
				04F927C12A9DF12300CC3F52 /* NetworkManagerProtocol.swift */,
				04F927C32A9DF13500CC3F52 /* NetworkManager.swift */,
			);
			path = Base;
			sourceTree = "<group>";
		};
		04F927BC2A9DEF9900CC3F52 /* Enums */ = {
			isa = PBXGroup;
			children = (
				04F927BD2A9DEFE000CC3F52 /* Methods.swift */,
				04F927BF2A9DF01100CC3F52 /* NetworkError.swift */,
			);
			path = Enums;
			sourceTree = "<group>";
		};
		04F927CB2A9E008200CC3F52 /* Services */ = {
			isa = PBXGroup;
			children = (
				04F927CC2A9E009300CC3F52 /* Photo */,
			);
			path = Services;
			sourceTree = "<group>";
		};
		04F927CC2A9E009300CC3F52 /* Photo */ = {
			isa = PBXGroup;
			children = (
				04F927CE2A9E00B200CC3F52 /* PhotosEndpoint.swift */,
				04F927D02A9E012000CC3F52 /* PhotoService.swift */,
			);
			path = Photo;
			sourceTree = "<group>";
		};
		04F927D42A9E016500CC3F52 /* Models */ = {
			isa = PBXGroup;
			children = (
				04F927D52A9E017C00CC3F52 /* Photo.swift */,
				04F927D72A9E01D100CC3F52 /* SearchParams.swift */,
				04F927D92A9E022700CC3F52 /* SearchPhotoResponse.swift */,
			);
			path = Models;
			sourceTree = "<group>";
		};
		04F927DB2A9E08E900CC3F52 /* Model */ = {
			isa = PBXGroup;
			children = (
				04F927DC2A9E08F300CC3F52 /* PhotoViewData.swift */,
			);
			path = Model;
			sourceTree = "<group>";
		};
		04F927E02A9E0C9D00CC3F52 /* Cells */ = {
			isa = PBXGroup;
			children = (
				04F927E12A9E0CA900CC3F52 /* UIPhotoCell.swift */,
				04F927EA2A9E406800CC3F52 /* UISearchHistoryCell.swift */,
			);
			path = Cells;
			sourceTree = "<group>";
		};
		04F927E52A9E374300CC3F52 /* Custom */ = {
			isa = PBXGroup;
			children = (
				04F927E32A9E1CCB00CC3F52 /* UIDynamicCollectionLayout.swift */,
				04F927E62A9E378C00CC3F52 /* UISearchView.swift */,
			);
			path = Custom;
			sourceTree = "<group>";
		};
		04F927EE2A9E5A9A00CC3F52 /* CacheManager */ = {
			isa = PBXGroup;
			children = (
				04F927F32A9E7EA300CC3F52 /* Model */,
				04F927EF2A9E5AAC00CC3F52 /* CacheManagerProtocol.swift */,
				04F927F12A9E5ABC00CC3F52 /* CacheManager.swift */,
				04F927F62A9E7EFC00CC3F52 /* QueryModel.xcdatamodeld */,
			);
			path = CacheManager;
			sourceTree = "<group>";
		};
		04F927F32A9E7EA300CC3F52 /* Model */ = {
			isa = PBXGroup;
			children = (
				04F927F42A9E7EBB00CC3F52 /* NSManagedObject.swift */,
				04F927F92A9E7F4F00CC3F52 /* Query.swift */,
				04F927FB2A9E7FDE00CC3F52 /* QueryObject.swift */,
			);
			path = Model;
			sourceTree = "<group>";
		};
		62C0E991A696759C9D5997CF /* Pods */ = {
			isa = PBXGroup;
			children = (
				7C6E54B28EDA785E9781C958 /* Pods-BestShot.debug.xcconfig */,
				826662E816BE38697E05C467 /* Pods-BestShot.release.xcconfig */,
				D2B6A1116BE14F5F0FA31328 /* Pods-BestShot-BestShotUITests.debug.xcconfig */,
				D56808E2A5E62CF189C6726D /* Pods-BestShot-BestShotUITests.release.xcconfig */,
				20E87EA572F951839133863E /* Pods-BestShotTests.debug.xcconfig */,
				63E41F365A193FB0FB41F4C9 /* Pods-BestShotTests.release.xcconfig */,
			);
			path = Pods;
			sourceTree = "<group>";
		};
		DC0A05EC8D45ACFE7F088B7E /* Frameworks */ = {
			isa = PBXGroup;
			children = (
				3C5F301D378261619B9B70F2 /* Pods_BestShot.framework */,
				23A0162DA61D2632C9629DC7 /* Pods_BestShot_BestShotUITests.framework */,
				60381C769022DA38BF55FF11 /* Pods_BestShotTests.framework */,
			);
			name = Frameworks;
			sourceTree = "<group>";
		};
/* End PBXGroup section */

/* Begin PBXNativeTarget section */
		042357822A9DD9360021972B /* BestShot */ = {
			isa = PBXNativeTarget;
			buildConfigurationList = 042357AD2A9DD9370021972B /* Build configuration list for PBXNativeTarget "BestShot" */;
			buildPhases = (
				5C9FED21B89BC769BE860AE4 /* [CP] Check Pods Manifest.lock */,
				0423577F2A9DD9360021972B /* Sources */,
				042357802A9DD9360021972B /* Frameworks */,
				042357812A9DD9360021972B /* Resources */,
				A1AABF3087B7AEBB766ACA65 /* [CP] Embed Pods Frameworks */,
			);
			buildRules = (
			);
			dependencies = (
			);
			name = BestShot;
			productName = BestShot;
			productReference = 042357832A9DD9360021972B /* BestShot.app */;
			productType = "com.apple.product-type.application";
		};
		042357982A9DD9370021972B /* BestShotTests */ = {
			isa = PBXNativeTarget;
			buildConfigurationList = 042357B02A9DD9370021972B /* Build configuration list for PBXNativeTarget "BestShotTests" */;
			buildPhases = (
				FF1F20C0E09C0D8D320AB3D7 /* [CP] Check Pods Manifest.lock */,
				042357952A9DD9370021972B /* Sources */,
				042357962A9DD9370021972B /* Frameworks */,
				042357972A9DD9370021972B /* Resources */,
			);
			buildRules = (
			);
			dependencies = (
				0423579B2A9DD9370021972B /* PBXTargetDependency */,
			);
			name = BestShotTests;
			productName = BestShotTests;
			productReference = 042357992A9DD9370021972B /* BestShotTests.xctest */;
			productType = "com.apple.product-type.bundle.unit-test";
		};
		042357A22A9DD9370021972B /* BestShotUITests */ = {
			isa = PBXNativeTarget;
			buildConfigurationList = 042357B32A9DD9370021972B /* Build configuration list for PBXNativeTarget "BestShotUITests" */;
			buildPhases = (
				B97E21185FE457DBA7C7911A /* [CP] Check Pods Manifest.lock */,
				0423579F2A9DD9370021972B /* Sources */,
				042357A02A9DD9370021972B /* Frameworks */,
				042357A12A9DD9370021972B /* Resources */,
				492757A8F3E786481D3C0B9B /* [CP] Embed Pods Frameworks */,
			);
			buildRules = (
			);
			dependencies = (
				042357A52A9DD9370021972B /* PBXTargetDependency */,
			);
			name = BestShotUITests;
			productName = BestShotUITests;
			productReference = 042357A32A9DD9370021972B /* BestShotUITests.xctest */;
			productType = "com.apple.product-type.bundle.ui-testing";
		};
/* End PBXNativeTarget section */

/* Begin PBXProject section */
		0423577B2A9DD9360021972B /* Project object */ = {
			isa = PBXProject;
			attributes = {
				BuildIndependentTargetsInParallel = 1;
				LastSwiftUpdateCheck = 1430;
				LastUpgradeCheck = 1430;
				TargetAttributes = {
					042357822A9DD9360021972B = {
						CreatedOnToolsVersion = 14.3;
					};
					042357982A9DD9370021972B = {
						CreatedOnToolsVersion = 14.3;
						TestTargetID = 042357822A9DD9360021972B;
					};
					042357A22A9DD9370021972B = {
						CreatedOnToolsVersion = 14.3;
						TestTargetID = 042357822A9DD9360021972B;
					};
				};
			};
			buildConfigurationList = 0423577E2A9DD9360021972B /* Build configuration list for PBXProject "BestShot" */;
			compatibilityVersion = "Xcode 14.0";
			developmentRegion = en;
			hasScannedForEncodings = 0;
			knownRegions = (
				en,
				Base,
			);
			mainGroup = 0423577A2A9DD9360021972B;
			productRefGroup = 042357842A9DD9360021972B /* Products */;
			projectDirPath = "";
			projectRoot = "";
			targets = (
				042357822A9DD9360021972B /* BestShot */,
				042357982A9DD9370021972B /* BestShotTests */,
				042357A22A9DD9370021972B /* BestShotUITests */,
			);
		};
/* End PBXProject section */

/* Begin PBXResourcesBuildPhase section */
		042357812A9DD9360021972B /* Resources */ = {
			isa = PBXResourcesBuildPhase;
			buildActionMask = 2147483647;
			files = (
				042357932A9DD9370021972B /* LaunchScreen.storyboard in Resources */,
				042357902A9DD9370021972B /* Assets.xcassets in Resources */,
			);
			runOnlyForDeploymentPostprocessing = 0;
		};
		042357972A9DD9370021972B /* Resources */ = {
			isa = PBXResourcesBuildPhase;
			buildActionMask = 2147483647;
			files = (
			);
			runOnlyForDeploymentPostprocessing = 0;
		};
		042357A12A9DD9370021972B /* Resources */ = {
			isa = PBXResourcesBuildPhase;
			buildActionMask = 2147483647;
			files = (
			);
			runOnlyForDeploymentPostprocessing = 0;
		};
/* End PBXResourcesBuildPhase section */

/* Begin PBXShellScriptBuildPhase section */
		492757A8F3E786481D3C0B9B /* [CP] Embed Pods Frameworks */ = {
			isa = PBXShellScriptBuildPhase;
			buildActionMask = 2147483647;
			files = (
			);
			inputFileListPaths = (
				"${PODS_ROOT}/Target Support Files/Pods-BestShot-BestShotUITests/Pods-BestShot-BestShotUITests-frameworks-${CONFIGURATION}-input-files.xcfilelist",
			);
			name = "[CP] Embed Pods Frameworks";
			outputFileListPaths = (
				"${PODS_ROOT}/Target Support Files/Pods-BestShot-BestShotUITests/Pods-BestShot-BestShotUITests-frameworks-${CONFIGURATION}-output-files.xcfilelist",
			);
			runOnlyForDeploymentPostprocessing = 0;
			shellPath = /bin/sh;
			shellScript = "\"${PODS_ROOT}/Target Support Files/Pods-BestShot-BestShotUITests/Pods-BestShot-BestShotUITests-frameworks.sh\"\n";
			showEnvVarsInLog = 0;
		};
		5C9FED21B89BC769BE860AE4 /* [CP] Check Pods Manifest.lock */ = {
			isa = PBXShellScriptBuildPhase;
			buildActionMask = 2147483647;
			files = (
			);
			inputFileListPaths = (
			);
			inputPaths = (
				"${PODS_PODFILE_DIR_PATH}/Podfile.lock",
				"${PODS_ROOT}/Manifest.lock",
			);
			name = "[CP] Check Pods Manifest.lock";
			outputFileListPaths = (
			);
			outputPaths = (
				"$(DERIVED_FILE_DIR)/Pods-BestShot-checkManifestLockResult.txt",
			);
			runOnlyForDeploymentPostprocessing = 0;
			shellPath = /bin/sh;
			shellScript = "diff \"${PODS_PODFILE_DIR_PATH}/Podfile.lock\" \"${PODS_ROOT}/Manifest.lock\" > /dev/null\nif [ $? != 0 ] ; then\n    # print error to STDERR\n    echo \"error: The sandbox is not in sync with the Podfile.lock. Run 'pod install' or update your CocoaPods installation.\" >&2\n    exit 1\nfi\n# This output is used by Xcode 'outputs' to avoid re-running this script phase.\necho \"SUCCESS\" > \"${SCRIPT_OUTPUT_FILE_0}\"\n";
			showEnvVarsInLog = 0;
		};
		A1AABF3087B7AEBB766ACA65 /* [CP] Embed Pods Frameworks */ = {
			isa = PBXShellScriptBuildPhase;
			buildActionMask = 2147483647;
			files = (
			);
			inputFileListPaths = (
				"${PODS_ROOT}/Target Support Files/Pods-BestShot/Pods-BestShot-frameworks-${CONFIGURATION}-input-files.xcfilelist",
			);
			name = "[CP] Embed Pods Frameworks";
			outputFileListPaths = (
				"${PODS_ROOT}/Target Support Files/Pods-BestShot/Pods-BestShot-frameworks-${CONFIGURATION}-output-files.xcfilelist",
			);
			runOnlyForDeploymentPostprocessing = 0;
			shellPath = /bin/sh;
			shellScript = "\"${PODS_ROOT}/Target Support Files/Pods-BestShot/Pods-BestShot-frameworks.sh\"\n";
			showEnvVarsInLog = 0;
		};
		B97E21185FE457DBA7C7911A /* [CP] Check Pods Manifest.lock */ = {
			isa = PBXShellScriptBuildPhase;
			buildActionMask = 2147483647;
			files = (
			);
			inputFileListPaths = (
			);
			inputPaths = (
				"${PODS_PODFILE_DIR_PATH}/Podfile.lock",
				"${PODS_ROOT}/Manifest.lock",
			);
			name = "[CP] Check Pods Manifest.lock";
			outputFileListPaths = (
			);
			outputPaths = (
				"$(DERIVED_FILE_DIR)/Pods-BestShot-BestShotUITests-checkManifestLockResult.txt",
			);
			runOnlyForDeploymentPostprocessing = 0;
			shellPath = /bin/sh;
			shellScript = "diff \"${PODS_PODFILE_DIR_PATH}/Podfile.lock\" \"${PODS_ROOT}/Manifest.lock\" > /dev/null\nif [ $? != 0 ] ; then\n    # print error to STDERR\n    echo \"error: The sandbox is not in sync with the Podfile.lock. Run 'pod install' or update your CocoaPods installation.\" >&2\n    exit 1\nfi\n# This output is used by Xcode 'outputs' to avoid re-running this script phase.\necho \"SUCCESS\" > \"${SCRIPT_OUTPUT_FILE_0}\"\n";
			showEnvVarsInLog = 0;
		};
		FF1F20C0E09C0D8D320AB3D7 /* [CP] Check Pods Manifest.lock */ = {
			isa = PBXShellScriptBuildPhase;
			buildActionMask = 2147483647;
			files = (
			);
			inputFileListPaths = (
			);
			inputPaths = (
				"${PODS_PODFILE_DIR_PATH}/Podfile.lock",
				"${PODS_ROOT}/Manifest.lock",
			);
			name = "[CP] Check Pods Manifest.lock";
			outputFileListPaths = (
			);
			outputPaths = (
				"$(DERIVED_FILE_DIR)/Pods-BestShotTests-checkManifestLockResult.txt",
			);
			runOnlyForDeploymentPostprocessing = 0;
			shellPath = /bin/sh;
			shellScript = "diff \"${PODS_PODFILE_DIR_PATH}/Podfile.lock\" \"${PODS_ROOT}/Manifest.lock\" > /dev/null\nif [ $? != 0 ] ; then\n    # print error to STDERR\n    echo \"error: The sandbox is not in sync with the Podfile.lock. Run 'pod install' or update your CocoaPods installation.\" >&2\n    exit 1\nfi\n# This output is used by Xcode 'outputs' to avoid re-running this script phase.\necho \"SUCCESS\" > \"${SCRIPT_OUTPUT_FILE_0}\"\n";
			showEnvVarsInLog = 0;
		};
/* End PBXShellScriptBuildPhase section */

/* Begin PBXSourcesBuildPhase section */
		0423577F2A9DD9360021972B /* Sources */ = {
			isa = PBXSourcesBuildPhase;
			buildActionMask = 2147483647;
			files = (
				04F927C42A9DF13500CC3F52 /* NetworkManager.swift in Sources */,
				04F927F82A9E7EFC00CC3F52 /* QueryModel.xcdatamodeld in Sources */,
				04F927C02A9DF01100CC3F52 /* NetworkError.swift in Sources */,
				04F927A42A9DE39C00CC3F52 /* UISplashController.swift in Sources */,
				04F927E42A9E1CCB00CC3F52 /* UIDynamicCollectionLayout.swift in Sources */,
				04F927EB2A9E406800CC3F52 /* UISearchHistoryCell.swift in Sources */,
				04F927B32A9DEA2700CC3F52 /* ErrorDataView.swift in Sources */,
				04F927FC2A9E7FDE00CC3F52 /* QueryObject.swift in Sources */,
				04F927DA2A9E022700CC3F52 /* SearchPhotoResponse.swift in Sources */,
				04F927DD2A9E08F300CC3F52 /* PhotoViewData.swift in Sources */,
				04F9279F2A9DE0C700CC3F52 /* MainCoordinator.swift in Sources */,
				04F927AC2A9DE74800CC3F52 /* UIPhotosController.swift in Sources */,
				042357872A9DD9360021972B /* AppDelegate.swift in Sources */,
				04F927F52A9E7EBB00CC3F52 /* NSManagedObject.swift in Sources */,
				04F927B92A9DEAFC00CC3F52 /* PhotosViewModelProtocol.swift in Sources */,
				04F927E22A9E0CA900CC3F52 /* UIPhotoCell.swift in Sources */,
				04F927D12A9E012000CC3F52 /* PhotoService.swift in Sources */,
				04F927D62A9E017C00CC3F52 /* Photo.swift in Sources */,
				04F9279D2A9DE01F00CC3F52 /* Coordinator.swift in Sources */,
				04F927F22A9E5ABC00CC3F52 /* CacheManager.swift in Sources */,
				04F927B12A9DE9E200CC3F52 /* BaseViewModel.swift in Sources */,
				04F927FA2A9E7F4F00CC3F52 /* Query.swift in Sources */,
				04F927DF2A9E0BAC00CC3F52 /* UICollectionView.swift in Sources */,
				04F927F02A9E5AAC00CC3F52 /* CacheManagerProtocol.swift in Sources */,
				04F927B72A9DEABD00CC3F52 /* PhotosViewModel.swift in Sources */,
				04F927ED2A9E50DA00CC3F52 /* Reactive.swift in Sources */,
				04F927C22A9DF12300CC3F52 /* NetworkManagerProtocol.swift in Sources */,
				042357892A9DD9360021972B /* SceneDelegate.swift in Sources */,
				04F927D82A9E01D100CC3F52 /* SearchParams.swift in Sources */,
				04F9279B2A9DDD3B00CC3F52 /* Constant.swift in Sources */,
				04F927C62A9DF14700CC3F52 /* Endpoint.swift in Sources */,
				04F927CA2A9DFE5400CC3F52 /* Dictionary.swift in Sources */,
				04F927A62A9DE41700CC3F52 /* UIView.swift in Sources */,
				04F927BE2A9DEFE000CC3F52 /* Methods.swift in Sources */,
				04F927AF2A9DE9AA00CC3F52 /* UIBaseViewController.swift in Sources */,
				04F927CF2A9E00B200CC3F52 /* PhotosEndpoint.swift in Sources */,
				04F927E72A9E378C00CC3F52 /* UISearchView.swift in Sources */,
				04F927E92A9E401F00CC3F52 /* UITableView.swift in Sources */,
				04F927C82A9DFE3400CC3F52 /* String.swift in Sources */,
				04F927A22A9DE20100CC3F52 /* UINavigationController.swift in Sources */,
				04F927A82A9DE56C00CC3F52 /* UIColor.swift in Sources */,
			);
			runOnlyForDeploymentPostprocessing = 0;
		};
		042357952A9DD9370021972B /* Sources */ = {
			isa = PBXSourcesBuildPhase;
			buildActionMask = 2147483647;
			files = (
				0423579E2A9DD9370021972B /* BestShotTests.swift in Sources */,
			);
			runOnlyForDeploymentPostprocessing = 0;
		};
		0423579F2A9DD9370021972B /* Sources */ = {
			isa = PBXSourcesBuildPhase;
			buildActionMask = 2147483647;
			files = (
				042357AA2A9DD9370021972B /* BestShotUITestsLaunchTests.swift in Sources */,
				042357A82A9DD9370021972B /* BestShotUITests.swift in Sources */,
			);
			runOnlyForDeploymentPostprocessing = 0;
		};
/* End PBXSourcesBuildPhase section */

/* Begin PBXTargetDependency section */
		0423579B2A9DD9370021972B /* PBXTargetDependency */ = {
			isa = PBXTargetDependency;
			target = 042357822A9DD9360021972B /* BestShot */;
			targetProxy = 0423579A2A9DD9370021972B /* PBXContainerItemProxy */;
		};
		042357A52A9DD9370021972B /* PBXTargetDependency */ = {
			isa = PBXTargetDependency;
			target = 042357822A9DD9360021972B /* BestShot */;
			targetProxy = 042357A42A9DD9370021972B /* PBXContainerItemProxy */;
		};
/* End PBXTargetDependency section */

/* Begin PBXVariantGroup section */
		042357912A9DD9370021972B /* LaunchScreen.storyboard */ = {
			isa = PBXVariantGroup;
			children = (
				042357922A9DD9370021972B /* Base */,
			);
			name = LaunchScreen.storyboard;
			sourceTree = "<group>";
		};
/* End PBXVariantGroup section */

/* Begin XCBuildConfiguration section */
		042357AB2A9DD9370021972B /* Debug */ = {
			isa = XCBuildConfiguration;
			buildSettings = {
				ALWAYS_SEARCH_USER_PATHS = NO;
				CLANG_ANALYZER_NONNULL = YES;
				CLANG_ANALYZER_NUMBER_OBJECT_CONVERSION = YES_AGGRESSIVE;
				CLANG_CXX_LANGUAGE_STANDARD = "gnu++20";
				CLANG_ENABLE_MODULES = YES;
				CLANG_ENABLE_OBJC_ARC = YES;
				CLANG_ENABLE_OBJC_WEAK = YES;
				CLANG_WARN_BLOCK_CAPTURE_AUTORELEASING = YES;
				CLANG_WARN_BOOL_CONVERSION = YES;
				CLANG_WARN_COMMA = YES;
				CLANG_WARN_CONSTANT_CONVERSION = YES;
				CLANG_WARN_DEPRECATED_OBJC_IMPLEMENTATIONS = YES;
				CLANG_WARN_DIRECT_OBJC_ISA_USAGE = YES_ERROR;
				CLANG_WARN_DOCUMENTATION_COMMENTS = YES;
				CLANG_WARN_EMPTY_BODY = YES;
				CLANG_WARN_ENUM_CONVERSION = YES;
				CLANG_WARN_INFINITE_RECURSION = YES;
				CLANG_WARN_INT_CONVERSION = YES;
				CLANG_WARN_NON_LITERAL_NULL_CONVERSION = YES;
				CLANG_WARN_OBJC_IMPLICIT_RETAIN_SELF = YES;
				CLANG_WARN_OBJC_LITERAL_CONVERSION = YES;
				CLANG_WARN_OBJC_ROOT_CLASS = YES_ERROR;
				CLANG_WARN_QUOTED_INCLUDE_IN_FRAMEWORK_HEADER = YES;
				CLANG_WARN_RANGE_LOOP_ANALYSIS = YES;
				CLANG_WARN_STRICT_PROTOTYPES = YES;
				CLANG_WARN_SUSPICIOUS_MOVE = YES;
				CLANG_WARN_UNGUARDED_AVAILABILITY = YES_AGGRESSIVE;
				CLANG_WARN_UNREACHABLE_CODE = YES;
				CLANG_WARN__DUPLICATE_METHOD_MATCH = YES;
				COPY_PHASE_STRIP = NO;
				DEBUG_INFORMATION_FORMAT = dwarf;
				ENABLE_STRICT_OBJC_MSGSEND = YES;
				ENABLE_TESTABILITY = YES;
				GCC_C_LANGUAGE_STANDARD = gnu11;
				GCC_DYNAMIC_NO_PIC = NO;
				GCC_NO_COMMON_BLOCKS = YES;
				GCC_OPTIMIZATION_LEVEL = 0;
				GCC_PREPROCESSOR_DEFINITIONS = (
					"DEBUG=1",
					"$(inherited)",
				);
				GCC_WARN_64_TO_32_BIT_CONVERSION = YES;
				GCC_WARN_ABOUT_RETURN_TYPE = YES_ERROR;
				GCC_WARN_UNDECLARED_SELECTOR = YES;
				GCC_WARN_UNINITIALIZED_AUTOS = YES_AGGRESSIVE;
				GCC_WARN_UNUSED_FUNCTION = YES;
				GCC_WARN_UNUSED_VARIABLE = YES;
				IPHONEOS_DEPLOYMENT_TARGET = 16.4;
				MTL_ENABLE_DEBUG_INFO = INCLUDE_SOURCE;
				MTL_FAST_MATH = YES;
				ONLY_ACTIVE_ARCH = YES;
				SDKROOT = iphoneos;
				SWIFT_ACTIVE_COMPILATION_CONDITIONS = DEBUG;
				SWIFT_OPTIMIZATION_LEVEL = "-Onone";
			};
			name = Debug;
		};
		042357AC2A9DD9370021972B /* Release */ = {
			isa = XCBuildConfiguration;
			buildSettings = {
				ALWAYS_SEARCH_USER_PATHS = NO;
				CLANG_ANALYZER_NONNULL = YES;
				CLANG_ANALYZER_NUMBER_OBJECT_CONVERSION = YES_AGGRESSIVE;
				CLANG_CXX_LANGUAGE_STANDARD = "gnu++20";
				CLANG_ENABLE_MODULES = YES;
				CLANG_ENABLE_OBJC_ARC = YES;
				CLANG_ENABLE_OBJC_WEAK = YES;
				CLANG_WARN_BLOCK_CAPTURE_AUTORELEASING = YES;
				CLANG_WARN_BOOL_CONVERSION = YES;
				CLANG_WARN_COMMA = YES;
				CLANG_WARN_CONSTANT_CONVERSION = YES;
				CLANG_WARN_DEPRECATED_OBJC_IMPLEMENTATIONS = YES;
				CLANG_WARN_DIRECT_OBJC_ISA_USAGE = YES_ERROR;
				CLANG_WARN_DOCUMENTATION_COMMENTS = YES;
				CLANG_WARN_EMPTY_BODY = YES;
				CLANG_WARN_ENUM_CONVERSION = YES;
				CLANG_WARN_INFINITE_RECURSION = YES;
				CLANG_WARN_INT_CONVERSION = YES;
				CLANG_WARN_NON_LITERAL_NULL_CONVERSION = YES;
				CLANG_WARN_OBJC_IMPLICIT_RETAIN_SELF = YES;
				CLANG_WARN_OBJC_LITERAL_CONVERSION = YES;
				CLANG_WARN_OBJC_ROOT_CLASS = YES_ERROR;
				CLANG_WARN_QUOTED_INCLUDE_IN_FRAMEWORK_HEADER = YES;
				CLANG_WARN_RANGE_LOOP_ANALYSIS = YES;
				CLANG_WARN_STRICT_PROTOTYPES = YES;
				CLANG_WARN_SUSPICIOUS_MOVE = YES;
				CLANG_WARN_UNGUARDED_AVAILABILITY = YES_AGGRESSIVE;
				CLANG_WARN_UNREACHABLE_CODE = YES;
				CLANG_WARN__DUPLICATE_METHOD_MATCH = YES;
				COPY_PHASE_STRIP = NO;
				DEBUG_INFORMATION_FORMAT = "dwarf-with-dsym";
				ENABLE_NS_ASSERTIONS = NO;
				ENABLE_STRICT_OBJC_MSGSEND = YES;
				GCC_C_LANGUAGE_STANDARD = gnu11;
				GCC_NO_COMMON_BLOCKS = YES;
				GCC_WARN_64_TO_32_BIT_CONVERSION = YES;
				GCC_WARN_ABOUT_RETURN_TYPE = YES_ERROR;
				GCC_WARN_UNDECLARED_SELECTOR = YES;
				GCC_WARN_UNINITIALIZED_AUTOS = YES_AGGRESSIVE;
				GCC_WARN_UNUSED_FUNCTION = YES;
				GCC_WARN_UNUSED_VARIABLE = YES;
				IPHONEOS_DEPLOYMENT_TARGET = 16.4;
				MTL_ENABLE_DEBUG_INFO = NO;
				MTL_FAST_MATH = YES;
				SDKROOT = iphoneos;
				SWIFT_COMPILATION_MODE = wholemodule;
				SWIFT_OPTIMIZATION_LEVEL = "-O";
				VALIDATE_PRODUCT = YES;
			};
			name = Release;
		};
		042357AE2A9DD9370021972B /* Debug */ = {
			isa = XCBuildConfiguration;
			baseConfigurationReference = 7C6E54B28EDA785E9781C958 /* Pods-BestShot.debug.xcconfig */;
			buildSettings = {
				ASSETCATALOG_COMPILER_APPICON_NAME = AppIcon;
				ASSETCATALOG_COMPILER_GLOBAL_ACCENT_COLOR_NAME = AccentColor;
				CODE_SIGN_STYLE = Automatic;
				CURRENT_PROJECT_VERSION = 1;
				GENERATE_INFOPLIST_FILE = YES;
				INFOPLIST_FILE = BestShot/Utilities/Info.plist;
				INFOPLIST_KEY_UIApplicationSupportsIndirectInputEvents = YES;
				INFOPLIST_KEY_UILaunchStoryboardName = LaunchScreen;
				INFOPLIST_KEY_UIMainStoryboardFile = "";
				INFOPLIST_KEY_UISupportedInterfaceOrientations_iPad = "UIInterfaceOrientationPortrait UIInterfaceOrientationPortraitUpsideDown UIInterfaceOrientationLandscapeLeft UIInterfaceOrientationLandscapeRight";
				INFOPLIST_KEY_UISupportedInterfaceOrientations_iPhone = "UIInterfaceOrientationPortrait UIInterfaceOrientationLandscapeLeft UIInterfaceOrientationLandscapeRight";
				LD_RUNPATH_SEARCH_PATHS = (
					"$(inherited)",
					"@executable_path/Frameworks",
				);
				MARKETING_VERSION = 1.0;
				PRODUCT_BUNDLE_IDENTIFIER = com.mohannad.BestShot;
				PRODUCT_NAME = "$(TARGET_NAME)";
				SWIFT_EMIT_LOC_STRINGS = YES;
				SWIFT_VERSION = 5.0;
				TARGETED_DEVICE_FAMILY = "1,2";
			};
			name = Debug;
		};
		042357AF2A9DD9370021972B /* Release */ = {
			isa = XCBuildConfiguration;
			baseConfigurationReference = 826662E816BE38697E05C467 /* Pods-BestShot.release.xcconfig */;
			buildSettings = {
				ASSETCATALOG_COMPILER_APPICON_NAME = AppIcon;
				ASSETCATALOG_COMPILER_GLOBAL_ACCENT_COLOR_NAME = AccentColor;
				CODE_SIGN_STYLE = Automatic;
				CURRENT_PROJECT_VERSION = 1;
				GENERATE_INFOPLIST_FILE = YES;
				INFOPLIST_FILE = BestShot/Utilities/Info.plist;
				INFOPLIST_KEY_UIApplicationSupportsIndirectInputEvents = YES;
				INFOPLIST_KEY_UILaunchStoryboardName = LaunchScreen;
				INFOPLIST_KEY_UIMainStoryboardFile = "";
				INFOPLIST_KEY_UISupportedInterfaceOrientations_iPad = "UIInterfaceOrientationPortrait UIInterfaceOrientationPortraitUpsideDown UIInterfaceOrientationLandscapeLeft UIInterfaceOrientationLandscapeRight";
				INFOPLIST_KEY_UISupportedInterfaceOrientations_iPhone = "UIInterfaceOrientationPortrait UIInterfaceOrientationLandscapeLeft UIInterfaceOrientationLandscapeRight";
				LD_RUNPATH_SEARCH_PATHS = (
					"$(inherited)",
					"@executable_path/Frameworks",
				);
				MARKETING_VERSION = 1.0;
				PRODUCT_BUNDLE_IDENTIFIER = com.mohannad.BestShot;
				PRODUCT_NAME = "$(TARGET_NAME)";
				SWIFT_EMIT_LOC_STRINGS = YES;
				SWIFT_VERSION = 5.0;
				TARGETED_DEVICE_FAMILY = "1,2";
			};
			name = Release;
		};
		042357B12A9DD9370021972B /* Debug */ = {
			isa = XCBuildConfiguration;
			baseConfigurationReference = 20E87EA572F951839133863E /* Pods-BestShotTests.debug.xcconfig */;
			buildSettings = {
				ALWAYS_EMBED_SWIFT_STANDARD_LIBRARIES = YES;
				BUNDLE_LOADER = "$(TEST_HOST)";
				CODE_SIGN_STYLE = Automatic;
				CURRENT_PROJECT_VERSION = 1;
				GENERATE_INFOPLIST_FILE = YES;
				IPHONEOS_DEPLOYMENT_TARGET = 16.4;
				MARKETING_VERSION = 1.0;
				PRODUCT_BUNDLE_IDENTIFIER = com.mohannad.BestShotTests;
				PRODUCT_NAME = "$(TARGET_NAME)";
				SWIFT_EMIT_LOC_STRINGS = NO;
				SWIFT_VERSION = 5.0;
				TARGETED_DEVICE_FAMILY = "1,2";
				TEST_HOST = "$(BUILT_PRODUCTS_DIR)/BestShot.app/$(BUNDLE_EXECUTABLE_FOLDER_PATH)/BestShot";
			};
			name = Debug;
		};
		042357B22A9DD9370021972B /* Release */ = {
			isa = XCBuildConfiguration;
			baseConfigurationReference = 63E41F365A193FB0FB41F4C9 /* Pods-BestShotTests.release.xcconfig */;
			buildSettings = {
				ALWAYS_EMBED_SWIFT_STANDARD_LIBRARIES = YES;
				BUNDLE_LOADER = "$(TEST_HOST)";
				CODE_SIGN_STYLE = Automatic;
				CURRENT_PROJECT_VERSION = 1;
				GENERATE_INFOPLIST_FILE = YES;
				IPHONEOS_DEPLOYMENT_TARGET = 16.4;
				MARKETING_VERSION = 1.0;
				PRODUCT_BUNDLE_IDENTIFIER = com.mohannad.BestShotTests;
				PRODUCT_NAME = "$(TARGET_NAME)";
				SWIFT_EMIT_LOC_STRINGS = NO;
				SWIFT_VERSION = 5.0;
				TARGETED_DEVICE_FAMILY = "1,2";
				TEST_HOST = "$(BUILT_PRODUCTS_DIR)/BestShot.app/$(BUNDLE_EXECUTABLE_FOLDER_PATH)/BestShot";
			};
			name = Release;
		};
		042357B42A9DD9370021972B /* Debug */ = {
			isa = XCBuildConfiguration;
			baseConfigurationReference = D2B6A1116BE14F5F0FA31328 /* Pods-BestShot-BestShotUITests.debug.xcconfig */;
			buildSettings = {
				ALWAYS_EMBED_SWIFT_STANDARD_LIBRARIES = YES;
				CODE_SIGN_STYLE = Automatic;
				CURRENT_PROJECT_VERSION = 1;
				GENERATE_INFOPLIST_FILE = YES;
				MARKETING_VERSION = 1.0;
				PRODUCT_BUNDLE_IDENTIFIER = com.mohannad.BestShotUITests;
				PRODUCT_NAME = "$(TARGET_NAME)";
				SWIFT_EMIT_LOC_STRINGS = NO;
				SWIFT_VERSION = 5.0;
				TARGETED_DEVICE_FAMILY = "1,2";
				TEST_TARGET_NAME = BestShot;
			};
			name = Debug;
		};
		042357B52A9DD9370021972B /* Release */ = {
			isa = XCBuildConfiguration;
			baseConfigurationReference = D56808E2A5E62CF189C6726D /* Pods-BestShot-BestShotUITests.release.xcconfig */;
			buildSettings = {
				ALWAYS_EMBED_SWIFT_STANDARD_LIBRARIES = YES;
				CODE_SIGN_STYLE = Automatic;
				CURRENT_PROJECT_VERSION = 1;
				GENERATE_INFOPLIST_FILE = YES;
				MARKETING_VERSION = 1.0;
				PRODUCT_BUNDLE_IDENTIFIER = com.mohannad.BestShotUITests;
				PRODUCT_NAME = "$(TARGET_NAME)";
				SWIFT_EMIT_LOC_STRINGS = NO;
				SWIFT_VERSION = 5.0;
				TARGETED_DEVICE_FAMILY = "1,2";
				TEST_TARGET_NAME = BestShot;
			};
			name = Release;
		};
/* End XCBuildConfiguration section */

/* Begin XCConfigurationList section */
		0423577E2A9DD9360021972B /* Build configuration list for PBXProject "BestShot" */ = {
			isa = XCConfigurationList;
			buildConfigurations = (
				042357AB2A9DD9370021972B /* Debug */,
				042357AC2A9DD9370021972B /* Release */,
			);
			defaultConfigurationIsVisible = 0;
			defaultConfigurationName = Release;
		};
		042357AD2A9DD9370021972B /* Build configuration list for PBXNativeTarget "BestShot" */ = {
			isa = XCConfigurationList;
			buildConfigurations = (
				042357AE2A9DD9370021972B /* Debug */,
				042357AF2A9DD9370021972B /* Release */,
			);
			defaultConfigurationIsVisible = 0;
			defaultConfigurationName = Release;
		};
		042357B02A9DD9370021972B /* Build configuration list for PBXNativeTarget "BestShotTests" */ = {
			isa = XCConfigurationList;
			buildConfigurations = (
				042357B12A9DD9370021972B /* Debug */,
				042357B22A9DD9370021972B /* Release */,
			);
			defaultConfigurationIsVisible = 0;
			defaultConfigurationName = Release;
		};
		042357B32A9DD9370021972B /* Build configuration list for PBXNativeTarget "BestShotUITests" */ = {
			isa = XCConfigurationList;
			buildConfigurations = (
				042357B42A9DD9370021972B /* Debug */,
				042357B52A9DD9370021972B /* Release */,
			);
			defaultConfigurationIsVisible = 0;
			defaultConfigurationName = Release;
		};
/* End XCConfigurationList section */

/* Begin XCVersionGroup section */
		04F927F62A9E7EFC00CC3F52 /* QueryModel.xcdatamodeld */ = {
			isa = XCVersionGroup;
			children = (
				04F927F72A9E7EFC00CC3F52 /* QueryModel.xcdatamodel */,
			);
			currentVersion = 04F927F72A9E7EFC00CC3F52 /* QueryModel.xcdatamodel */;
			path = QueryModel.xcdatamodeld;
			sourceTree = "<group>";
			versionGroupType = wrapper.xcdatamodel;
		};
/* End XCVersionGroup section */
	};
	rootObject = 0423577B2A9DD9360021972B /* Project object */;
}
