// !$*UTF8*$!
{
	archiveVersion = 1;
	classes = {
	};
	objectVersion = 56;
	objects = {

/* Begin PBXBuildFile section */
		042357872A9DD9360021972B /* AppDelegate.swift in Sources */ = {isa = PBXBuildFile; fileRef = 042357862A9DD9360021972B /* AppDelegate.swift */; };
		042357892A9DD9360021972B /* SceneDelegate.swift in Sources */ = {isa = PBXBuildFile; fileRef = 042357882A9DD9360021972B /* SceneDelegate.swift */; };
		0423578B2A9DD9360021972B /* ViewController.swift in Sources */ = {isa = PBXBuildFile; fileRef = 0423578A2A9DD9360021972B /* ViewController.swift */; };
		0423578E2A9DD9360021972B /* Main.storyboard in Resources */ = {isa = PBXBuildFile; fileRef = 0423578C2A9DD9360021972B /* Main.storyboard */; };
		042357902A9DD9370021972B /* Assets.xcassets in Resources */ = {isa = PBXBuildFile; fileRef = 0423578F2A9DD9370021972B /* Assets.xcassets */; };
		042357932A9DD9370021972B /* LaunchScreen.storyboard in Resources */ = {isa = PBXBuildFile; fileRef = 042357912A9DD9370021972B /* LaunchScreen.storyboard */; };
		0423579E2A9DD9370021972B /* BestShotTests.swift in Sources */ = {isa = PBXBuildFile; fileRef = 0423579D2A9DD9370021972B /* BestShotTests.swift */; };
		042357A82A9DD9370021972B /* BestShotUITests.swift in Sources */ = {isa = PBXBuildFile; fileRef = 042357A72A9DD9370021972B /* BestShotUITests.swift */; };
		042357AA2A9DD9370021972B /* BestShotUITestsLaunchTests.swift in Sources */ = {isa = PBXBuildFile; fileRef = 042357A92A9DD9370021972B /* BestShotUITestsLaunchTests.swift */; };
		5273B898FC55748AB913F5E9 /* Pods_BestShot_BestShotUITests.framework in Frameworks */ = {isa = PBXBuildFile; fileRef = 23A0162DA61D2632C9629DC7 /* Pods_BestShot_BestShotUITests.framework */; };
		BBC173631E7EE91969B72841 /* Pods_BestShot.framework in Frameworks */ = {isa = PBXBuildFile; fileRef = 3C5F301D378261619B9B70F2 /* Pods_BestShot.framework */; };
		C0F67B0AAFC5D9C6A8591E57 /* Pods_BestShotTests.framework in Frameworks */ = {isa = PBXBuildFile; fileRef = 60381C769022DA38BF55FF11 /* Pods_BestShotTests.framework */; };
/* End PBXBuildFile section */

/* Begin PBXContainerItemProxy section */
		0423579A2A9DD9370021972B /* PBXContainerItemProxy */ = {
			isa = PBXContainerItemProxy;
			containerPortal = 0423577B2A9DD9360021972B /* Project object */;
			proxyType = 1;
			remoteGlobalIDString = 042357822A9DD9360021972B;
			remoteInfo = BestShot;
		};
		042357A42A9DD9370021972B /* PBXContainerItemProxy */ = {
			isa = PBXContainerItemProxy;
			containerPortal = 0423577B2A9DD9360021972B /* Project object */;
			proxyType = 1;
			remoteGlobalIDString = 042357822A9DD9360021972B;
			remoteInfo = BestShot;
		};
/* End PBXContainerItemProxy section */

/* Begin PBXFileReference section */
		042357832A9DD9360021972B /* BestShot.app */ = {isa = PBXFileReference; explicitFileType = wrapper.application; includeInIndex = 0; path = BestShot.app; sourceTree = BUILT_PRODUCTS_DIR; };
		042357862A9DD9360021972B /* AppDelegate.swift */ = {isa = PBXFileReference; lastKnownFileType = sourcecode.swift; path = AppDelegate.swift; sourceTree = "<group>"; };
		042357882A9DD9360021972B /* SceneDelegate.swift */ = {isa = PBXFileReference; lastKnownFileType = sourcecode.swift; path = SceneDelegate.swift; sourceTree = "<group>"; };
		0423578A2A9DD9360021972B /* ViewController.swift */ = {isa = PBXFileReference; lastKnownFileType = sourcecode.swift; path = ViewController.swift; sourceTree = "<group>"; };
		0423578D2A9DD9360021972B /* Base */ = {isa = PBXFileReference; lastKnownFileType = file.storyboard; name = Base; path = Base.lproj/Main.storyboard; sourceTree = "<group>"; };
		0423578F2A9DD9370021972B /* Assets.xcassets */ = {isa = PBXFileReference; lastKnownFileType = folder.assetcatalog; path = Assets.xcassets; sourceTree = "<group>"; };
		042357922A9DD9370021972B /* Base */ = {isa = PBXFileReference; lastKnownFileType = file.storyboard; name = Base; path = Base.lproj/LaunchScreen.storyboard; sourceTree = "<group>"; };
		042357942A9DD9370021972B /* Info.plist */ = {isa = PBXFileReference; lastKnownFileType = text.plist.xml; path = Info.plist; sourceTree = "<group>"; };
		042357992A9DD9370021972B /* BestShotTests.xctest */ = {isa = PBXFileReference; explicitFileType = wrapper.cfbundle; includeInIndex = 0; path = BestShotTests.xctest; sourceTree = BUILT_PRODUCTS_DIR; };
		0423579D2A9DD9370021972B /* BestShotTests.swift */ = {isa = PBXFileReference; lastKnownFileType = sourcecode.swift; path = BestShotTests.swift; sourceTree = "<group>"; };
		042357A32A9DD9370021972B /* BestShotUITests.xctest */ = {isa = PBXFileReference; explicitFileType = wrapper.cfbundle; includeInIndex = 0; path = BestShotUITests.xctest; sourceTree = BUILT_PRODUCTS_DIR; };
		042357A72A9DD9370021972B /* BestShotUITests.swift */ = {isa = PBXFileReference; lastKnownFileType = sourcecode.swift; path = BestShotUITests.swift; sourceTree = "<group>"; };
		042357A92A9DD9370021972B /* BestShotUITestsLaunchTests.swift */ = {isa = PBXFileReference; lastKnownFileType = sourcecode.swift; path = BestShotUITestsLaunchTests.swift; sourceTree = "<group>"; };
		20E87EA572F951839133863E /* Pods-BestShotTests.debug.xcconfig */ = {isa = PBXFileReference; includeInIndex = 1; lastKnownFileType = text.xcconfig; name = "Pods-BestShotTests.debug.xcconfig"; path = "Target Support Files/Pods-BestShotTests/Pods-BestShotTests.debug.xcconfig"; sourceTree = "<group>"; };
		23A0162DA61D2632C9629DC7 /* Pods_BestShot_BestShotUITests.framework */ = {isa = PBXFileReference; explicitFileType = wrapper.framework; includeInIndex = 0; path = Pods_BestShot_BestShotUITests.framework; sourceTree = BUILT_PRODUCTS_DIR; };
		3C5F301D378261619B9B70F2 /* Pods_BestShot.framework */ = {isa = PBXFileReference; explicitFileType = wrapper.framework; includeInIndex = 0; path = Pods_BestShot.framework; sourceTree = BUILT_PRODUCTS_DIR; };
		60381C769022DA38BF55FF11 /* Pods_BestShotTests.framework */ = {isa = PBXFileReference; explicitFileType = wrapper.framework; includeInIndex = 0; path = Pods_BestShotTests.framework; sourceTree = BUILT_PRODUCTS_DIR; };
		63E41F365A193FB0FB41F4C9 /* Pods-BestShotTests.release.xcconfig */ = {isa = PBXFileReference; includeInIndex = 1; lastKnownFileType = text.xcconfig; name = "Pods-BestShotTests.release.xcconfig"; path = "Target Support Files/Pods-BestShotTests/Pods-BestShotTests.release.xcconfig"; sourceTree = "<group>"; };
		7C6E54B28EDA785E9781C958 /* Pods-BestShot.debug.xcconfig */ = {isa = PBXFileReference; includeInIndex = 1; lastKnownFileType = text.xcconfig; name = "Pods-BestShot.debug.xcconfig"; path = "Target Support Files/Pods-BestShot/Pods-BestShot.debug.xcconfig"; sourceTree = "<group>"; };
		826662E816BE38697E05C467 /* Pods-BestShot.release.xcconfig */ = {isa = PBXFileReference; includeInIndex = 1; lastKnownFileType = text.xcconfig; name = "Pods-BestShot.release.xcconfig"; path = "Target Support Files/Pods-BestShot/Pods-BestShot.release.xcconfig"; sourceTree = "<group>"; };
		D2B6A1116BE14F5F0FA31328 /* Pods-BestShot-BestShotUITests.debug.xcconfig */ = {isa = PBXFileReference; includeInIndex = 1; lastKnownFileType = text.xcconfig; name = "Pods-BestShot-BestShotUITests.debug.xcconfig"; path = "Target Support Files/Pods-BestShot-BestShotUITests/Pods-BestShot-BestShotUITests.debug.xcconfig"; sourceTree = "<group>"; };
		D56808E2A5E62CF189C6726D /* Pods-BestShot-BestShotUITests.release.xcconfig */ = {isa = PBXFileReference; includeInIndex = 1; lastKnownFileType = text.xcconfig; name = "Pods-BestShot-BestShotUITests.release.xcconfig"; path = "Target Support Files/Pods-BestShot-BestShotUITests/Pods-BestShot-BestShotUITests.release.xcconfig"; sourceTree = "<group>"; };
/* End PBXFileReference section */

/* Begin PBXFrameworksBuildPhase section */
		042357802A9DD9360021972B /* Frameworks */ = {
			isa = PBXFrameworksBuildPhase;
			buildActionMask = 2147483647;
			files = (
				BBC173631E7EE91969B72841 /* Pods_BestShot.framework in Frameworks */,
			);
			runOnlyForDeploymentPostprocessing = 0;
		};
		042357962A9DD9370021972B /* Frameworks */ = {
			isa = PBXFrameworksBuildPhase;
			buildActionMask = 2147483647;
			files = (
				C0F67B0AAFC5D9C6A8591E57 /* Pods_BestShotTests.framework in Frameworks */,
			);
			runOnlyForDeploymentPostprocessing = 0;
		};
		042357A02A9DD9370021972B /* Frameworks */ = {
			isa = PBXFrameworksBuildPhase;
			buildActionMask = 2147483647;
			files = (
				5273B898FC55748AB913F5E9 /* Pods_BestShot_BestShotUITests.framework in Frameworks */,
			);
			runOnlyForDeploymentPostprocessing = 0;
		};
/* End PBXFrameworksBuildPhase section */

/* Begin PBXGroup section */
		0423577A2A9DD9360021972B = {
			isa = PBXGroup;
			children = (
				042357852A9DD9360021972B /* BestShot */,
				0423579C2A9DD9370021972B /* BestShotTests */,
				042357A62A9DD9370021972B /* BestShotUITests */,
				042357842A9DD9360021972B /* Products */,
				62C0E991A696759C9D5997CF /* Pods */,
				DC0A05EC8D45ACFE7F088B7E /* Frameworks */,
			);
			sourceTree = "<group>";
		};
		042357842A9DD9360021972B /* Products */ = {
			isa = PBXGroup;
			children = (
				042357832A9DD9360021972B /* BestShot.app */,
				042357992A9DD9370021972B /* BestShotTests.xctest */,
				042357A32A9DD9370021972B /* BestShotUITests.xctest */,
			);
			name = Products;
			sourceTree = "<group>";
		};
		042357852A9DD9360021972B /* BestShot */ = {
			isa = PBXGroup;
			children = (
				042357862A9DD9360021972B /* AppDelegate.swift */,
				042357882A9DD9360021972B /* SceneDelegate.swift */,
				0423578A2A9DD9360021972B /* ViewController.swift */,
				0423578C2A9DD9360021972B /* Main.storyboard */,
				0423578F2A9DD9370021972B /* Assets.xcassets */,
				042357912A9DD9370021972B /* LaunchScreen.storyboard */,
				042357942A9DD9370021972B /* Info.plist */,
			);
			path = BestShot;
			sourceTree = "<group>";
		};
		0423579C2A9DD9370021972B /* BestShotTests */ = {
			isa = PBXGroup;
			children = (
				0423579D2A9DD9370021972B /* BestShotTests.swift */,
			);
			path = BestShotTests;
			sourceTree = "<group>";
		};
		042357A62A9DD9370021972B /* BestShotUITests */ = {
			isa = PBXGroup;
			children = (
				042357A72A9DD9370021972B /* BestShotUITests.swift */,
				042357A92A9DD9370021972B /* BestShotUITestsLaunchTests.swift */,
			);
			path = BestShotUITests;
			sourceTree = "<group>";
		};
		62C0E991A696759C9D5997CF /* Pods */ = {
			isa = PBXGroup;
			children = (
				7C6E54B28EDA785E9781C958 /* Pods-BestShot.debug.xcconfig */,
				826662E816BE38697E05C467 /* Pods-BestShot.release.xcconfig */,
				D2B6A1116BE14F5F0FA31328 /* Pods-BestShot-BestShotUITests.debug.xcconfig */,
				D56808E2A5E62CF189C6726D /* Pods-BestShot-BestShotUITests.release.xcconfig */,
				20E87EA572F951839133863E /* Pods-BestShotTests.debug.xcconfig */,
				63E41F365A193FB0FB41F4C9 /* Pods-BestShotTests.release.xcconfig */,
			);
			name = Pods;
			path = Pods;
			sourceTree = "<group>";
		};
		DC0A05EC8D45ACFE7F088B7E /* Frameworks */ = {
			isa = PBXGroup;
			children = (
				3C5F301D378261619B9B70F2 /* Pods_BestShot.framework */,
				23A0162DA61D2632C9629DC7 /* Pods_BestShot_BestShotUITests.framework */,
				60381C769022DA38BF55FF11 /* Pods_BestShotTests.framework */,
			);
			name = Frameworks;
			sourceTree = "<group>";
		};
/* End PBXGroup section */

/* Begin PBXNativeTarget section */
		042357822A9DD9360021972B /* BestShot */ = {
			isa = PBXNativeTarget;
			buildConfigurationList = 042357AD2A9DD9370021972B /* Build configuration list for PBXNativeTarget "BestShot" */;
			buildPhases = (
				5C9FED21B89BC769BE860AE4 /* [CP] Check Pods Manifest.lock */,
				0423577F2A9DD9360021972B /* Sources */,
				042357802A9DD9360021972B /* Frameworks */,
				042357812A9DD9360021972B /* Resources */,
				A1AABF3087B7AEBB766ACA65 /* [CP] Embed Pods Frameworks */,
			);
			buildRules = (
			);
			dependencies = (
			);
			name = BestShot;
			productName = BestShot;
			productReference = 042357832A9DD9360021972B /* BestShot.app */;
			productType = "com.apple.product-type.application";
		};
		042357982A9DD9370021972B /* BestShotTests */ = {
			isa = PBXNativeTarget;
			buildConfigurationList = 042357B02A9DD9370021972B /* Build configuration list for PBXNativeTarget "BestShotTests" */;
			buildPhases = (
				FF1F20C0E09C0D8D320AB3D7 /* [CP] Check Pods Manifest.lock */,
				042357952A9DD9370021972B /* Sources */,
				042357962A9DD9370021972B /* Frameworks */,
				042357972A9DD9370021972B /* Resources */,
			);
			buildRules = (
			);
			dependencies = (
				0423579B2A9DD9370021972B /* PBXTargetDependency */,
			);
			name = BestShotTests;
			productName = BestShotTests;
			productReference = 042357992A9DD9370021972B /* BestShotTests.xctest */;
			productType = "com.apple.product-type.bundle.unit-test";
		};
		042357A22A9DD9370021972B /* BestShotUITests */ = {
			isa = PBXNativeTarget;
			buildConfigurationList = 042357B32A9DD9370021972B /* Build configuration list for PBXNativeTarget "BestShotUITests" */;
			buildPhases = (
				B97E21185FE457DBA7C7911A /* [CP] Check Pods Manifest.lock */,
				0423579F2A9DD9370021972B /* Sources */,
				042357A02A9DD9370021972B /* Frameworks */,
				042357A12A9DD9370021972B /* Resources */,
				492757A8F3E786481D3C0B9B /* [CP] Embed Pods Frameworks */,
			);
			buildRules = (
			);
			dependencies = (
				042357A52A9DD9370021972B /* PBXTargetDependency */,
			);
			name = BestShotUITests;
			productName = BestShotUITests;
			productReference = 042357A32A9DD9370021972B /* BestShotUITests.xctest */;
			productType = "com.apple.product-type.bundle.ui-testing";
		};
/* End PBXNativeTarget section */

/* Begin PBXProject section */
		0423577B2A9DD9360021972B /* Project object */ = {
			isa = PBXProject;
			attributes = {
				BuildIndependentTargetsInParallel = 1;
				LastSwiftUpdateCheck = 1430;
				LastUpgradeCheck = 1430;
				TargetAttributes = {
					042357822A9DD9360021972B = {
						CreatedOnToolsVersion = 14.3;
					};
					042357982A9DD9370021972B = {
						CreatedOnToolsVersion = 14.3;
						TestTargetID = 042357822A9DD9360021972B;
					};
					042357A22A9DD9370021972B = {
						CreatedOnToolsVersion = 14.3;
						TestTargetID = 042357822A9DD9360021972B;
					};
				};
			};
			buildConfigurationList = 0423577E2A9DD9360021972B /* Build configuration list for PBXProject "BestShot" */;
			compatibilityVersion = "Xcode 14.0";
			developmentRegion = en;
			hasScannedForEncodings = 0;
			knownRegions = (
				en,
				Base,
			);
			mainGroup = 0423577A2A9DD9360021972B;
			productRefGroup = 042357842A9DD9360021972B /* Products */;
			projectDirPath = "";
			projectRoot = "";
			targets = (
				042357822A9DD9360021972B /* BestShot */,
				042357982A9DD9370021972B /* BestShotTests */,
				042357A22A9DD9370021972B /* BestShotUITests */,
			);
		};
/* End PBXProject section */

/* Begin PBXResourcesBuildPhase section */
		042357812A9DD9360021972B /* Resources */ = {
			isa = PBXResourcesBuildPhase;
			buildActionMask = 2147483647;
			files = (
				042357932A9DD9370021972B /* LaunchScreen.storyboard in Resources */,
				042357902A9DD9370021972B /* Assets.xcassets in Resources */,
				0423578E2A9DD9360021972B /* Main.storyboard in Resources */,
			);
			runOnlyForDeploymentPostprocessing = 0;
		};
		042357972A9DD9370021972B /* Resources */ = {
			isa = PBXResourcesBuildPhase;
			buildActionMask = 2147483647;
			files = (
			);
			runOnlyForDeploymentPostprocessing = 0;
		};
		042357A12A9DD9370021972B /* Resources */ = {
			isa = PBXResourcesBuildPhase;
			buildActionMask = 2147483647;
			files = (
			);
			runOnlyForDeploymentPostprocessing = 0;
		};
/* End PBXResourcesBuildPhase section */

/* Begin PBXShellScriptBuildPhase section */
		492757A8F3E786481D3C0B9B /* [CP] Embed Pods Frameworks */ = {
			isa = PBXShellScriptBuildPhase;
			buildActionMask = 2147483647;
			files = (
			);
			inputFileListPaths = (
				"${PODS_ROOT}/Target Support Files/Pods-BestShot-BestShotUITests/Pods-BestShot-BestShotUITests-frameworks-${CONFIGURATION}-input-files.xcfilelist",
			);
			name = "[CP] Embed Pods Frameworks";
			outputFileListPaths = (
				"${PODS_ROOT}/Target Support Files/Pods-BestShot-BestShotUITests/Pods-BestShot-BestShotUITests-frameworks-${CONFIGURATION}-output-files.xcfilelist",
			);
			runOnlyForDeploymentPostprocessing = 0;
			shellPath = /bin/sh;
			shellScript = "\"${PODS_ROOT}/Target Support Files/Pods-BestShot-BestShotUITests/Pods-BestShot-BestShotUITests-frameworks.sh\"\n";
			showEnvVarsInLog = 0;
		};
		5C9FED21B89BC769BE860AE4 /* [CP] Check Pods Manifest.lock */ = {
			isa = PBXShellScriptBuildPhase;
			buildActionMask = 2147483647;
			files = (
			);
			inputFileListPaths = (
			);
			inputPaths = (
				"${PODS_PODFILE_DIR_PATH}/Podfile.lock",
				"${PODS_ROOT}/Manifest.lock",
			);
			name = "[CP] Check Pods Manifest.lock";
			outputFileListPaths = (
			);
			outputPaths = (
				"$(DERIVED_FILE_DIR)/Pods-BestShot-checkManifestLockResult.txt",
			);
			runOnlyForDeploymentPostprocessing = 0;
			shellPath = /bin/sh;
			shellScript = "diff \"${PODS_PODFILE_DIR_PATH}/Podfile.lock\" \"${PODS_ROOT}/Manifest.lock\" > /dev/null\nif [ $? != 0 ] ; then\n    # print error to STDERR\n    echo \"error: The sandbox is not in sync with the Podfile.lock. Run 'pod install' or update your CocoaPods installation.\" >&2\n    exit 1\nfi\n# This output is used by Xcode 'outputs' to avoid re-running this script phase.\necho \"SUCCESS\" > \"${SCRIPT_OUTPUT_FILE_0}\"\n";
			showEnvVarsInLog = 0;
		};
		A1AABF3087B7AEBB766ACA65 /* [CP] Embed Pods Frameworks */ = {
			isa = PBXShellScriptBuildPhase;
			buildActionMask = 2147483647;
			files = (
			);
			inputFileListPaths = (
				"${PODS_ROOT}/Target Support Files/Pods-BestShot/Pods-BestShot-frameworks-${CONFIGURATION}-input-files.xcfilelist",
			);
			name = "[CP] Embed Pods Frameworks";
			outputFileListPaths = (
				"${PODS_ROOT}/Target Support Files/Pods-BestShot/Pods-BestShot-frameworks-${CONFIGURATION}-output-files.xcfilelist",
			);
			runOnlyForDeploymentPostprocessing = 0;
			shellPath = /bin/sh;
			shellScript = "\"${PODS_ROOT}/Target Support Files/Pods-BestShot/Pods-BestShot-frameworks.sh\"\n";
			showEnvVarsInLog = 0;
		};
		B97E21185FE457DBA7C7911A /* [CP] Check Pods Manifest.lock */ = {
			isa = PBXShellScriptBuildPhase;
			buildActionMask = 2147483647;
			files = (
			);
			inputFileListPaths = (
			);
			inputPaths = (
				"${PODS_PODFILE_DIR_PATH}/Podfile.lock",
				"${PODS_ROOT}/Manifest.lock",
			);
			name = "[CP] Check Pods Manifest.lock";
			outputFileListPaths = (
			);
			outputPaths = (
				"$(DERIVED_FILE_DIR)/Pods-BestShot-BestShotUITests-checkManifestLockResult.txt",
			);
			runOnlyForDeploymentPostprocessing = 0;
			shellPath = /bin/sh;
			shellScript = "diff \"${PODS_PODFILE_DIR_PATH}/Podfile.lock\" \"${PODS_ROOT}/Manifest.lock\" > /dev/null\nif [ $? != 0 ] ; then\n    # print error to STDERR\n    echo \"error: The sandbox is not in sync with the Podfile.lock. Run 'pod install' or update your CocoaPods installation.\" >&2\n    exit 1\nfi\n# This output is used by Xcode 'outputs' to avoid re-running this script phase.\necho \"SUCCESS\" > \"${SCRIPT_OUTPUT_FILE_0}\"\n";
			showEnvVarsInLog = 0;
		};
		FF1F20C0E09C0D8D320AB3D7 /* [CP] Check Pods Manifest.lock */ = {
			isa = PBXShellScriptBuildPhase;
			buildActionMask = 2147483647;
			files = (
			);
			inputFileListPaths = (
			);
			inputPaths = (
				"${PODS_PODFILE_DIR_PATH}/Podfile.lock",
				"${PODS_ROOT}/Manifest.lock",
			);
			name = "[CP] Check Pods Manifest.lock";
			outputFileListPaths = (
			);
			outputPaths = (
				"$(DERIVED_FILE_DIR)/Pods-BestShotTests-checkManifestLockResult.txt",
			);
			runOnlyForDeploymentPostprocessing = 0;
			shellPath = /bin/sh;
			shellScript = "diff \"${PODS_PODFILE_DIR_PATH}/Podfile.lock\" \"${PODS_ROOT}/Manifest.lock\" > /dev/null\nif [ $? != 0 ] ; then\n    # print error to STDERR\n    echo \"error: The sandbox is not in sync with the Podfile.lock. Run 'pod install' or update your CocoaPods installation.\" >&2\n    exit 1\nfi\n# This output is used by Xcode 'outputs' to avoid re-running this script phase.\necho \"SUCCESS\" > \"${SCRIPT_OUTPUT_FILE_0}\"\n";
			showEnvVarsInLog = 0;
		};
/* End PBXShellScriptBuildPhase section */

/* Begin PBXSourcesBuildPhase section */
		0423577F2A9DD9360021972B /* Sources */ = {
			isa = PBXSourcesBuildPhase;
			buildActionMask = 2147483647;
			files = (
				0423578B2A9DD9360021972B /* ViewController.swift in Sources */,
				042357872A9DD9360021972B /* AppDelegate.swift in Sources */,
				042357892A9DD9360021972B /* SceneDelegate.swift in Sources */,
			);
			runOnlyForDeploymentPostprocessing = 0;
		};
		042357952A9DD9370021972B /* Sources */ = {
			isa = PBXSourcesBuildPhase;
			buildActionMask = 2147483647;
			files = (
				0423579E2A9DD9370021972B /* BestShotTests.swift in Sources */,
			);
			runOnlyForDeploymentPostprocessing = 0;
		};
		0423579F2A9DD9370021972B /* Sources */ = {
			isa = PBXSourcesBuildPhase;
			buildActionMask = 2147483647;
			files = (
				042357AA2A9DD9370021972B /* BestShotUITestsLaunchTests.swift in Sources */,
				042357A82A9DD9370021972B /* BestShotUITests.swift in Sources */,
			);
			runOnlyForDeploymentPostprocessing = 0;
		};
/* End PBXSourcesBuildPhase section */

/* Begin PBXTargetDependency section */
		0423579B2A9DD9370021972B /* PBXTargetDependency */ = {
			isa = PBXTargetDependency;
			target = 042357822A9DD9360021972B /* BestShot */;
			targetProxy = 0423579A2A9DD9370021972B /* PBXContainerItemProxy */;
		};
		042357A52A9DD9370021972B /* PBXTargetDependency */ = {
			isa = PBXTargetDependency;
			target = 042357822A9DD9360021972B /* BestShot */;
			targetProxy = 042357A42A9DD9370021972B /* PBXContainerItemProxy */;
		};
/* End PBXTargetDependency section */

/* Begin PBXVariantGroup section */
		0423578C2A9DD9360021972B /* Main.storyboard */ = {
			isa = PBXVariantGroup;
			children = (
				0423578D2A9DD9360021972B /* Base */,
			);
			name = Main.storyboard;
			sourceTree = "<group>";
		};
		042357912A9DD9370021972B /* LaunchScreen.storyboard */ = {
			isa = PBXVariantGroup;
			children = (
				042357922A9DD9370021972B /* Base */,
			);
			name = LaunchScreen.storyboard;
			sourceTree = "<group>";
		};
/* End PBXVariantGroup section */

/* Begin XCBuildConfiguration section */
		042357AB2A9DD9370021972B /* Debug */ = {
			isa = XCBuildConfiguration;
			buildSettings = {
				ALWAYS_SEARCH_USER_PATHS = NO;
				CLANG_ANALYZER_NONNULL = YES;
				CLANG_ANALYZER_NUMBER_OBJECT_CONVERSION = YES_AGGRESSIVE;
				CLANG_CXX_LANGUAGE_STANDARD = "gnu++20";
				CLANG_ENABLE_MODULES = YES;
				CLANG_ENABLE_OBJC_ARC = YES;
				CLANG_ENABLE_OBJC_WEAK = YES;
				CLANG_WARN_BLOCK_CAPTURE_AUTORELEASING = YES;
				CLANG_WARN_BOOL_CONVERSION = YES;
				CLANG_WARN_COMMA = YES;
				CLANG_WARN_CONSTANT_CONVERSION = YES;
				CLANG_WARN_DEPRECATED_OBJC_IMPLEMENTATIONS = YES;
				CLANG_WARN_DIRECT_OBJC_ISA_USAGE = YES_ERROR;
				CLANG_WARN_DOCUMENTATION_COMMENTS = YES;
				CLANG_WARN_EMPTY_BODY = YES;
				CLANG_WARN_ENUM_CONVERSION = YES;
				CLANG_WARN_INFINITE_RECURSION = YES;
				CLANG_WARN_INT_CONVERSION = YES;
				CLANG_WARN_NON_LITERAL_NULL_CONVERSION = YES;
				CLANG_WARN_OBJC_IMPLICIT_RETAIN_SELF = YES;
				CLANG_WARN_OBJC_LITERAL_CONVERSION = YES;
				CLANG_WARN_OBJC_ROOT_CLASS = YES_ERROR;
				CLANG_WARN_QUOTED_INCLUDE_IN_FRAMEWORK_HEADER = YES;
				CLANG_WARN_RANGE_LOOP_ANALYSIS = YES;
				CLANG_WARN_STRICT_PROTOTYPES = YES;
				CLANG_WARN_SUSPICIOUS_MOVE = YES;
				CLANG_WARN_UNGUARDED_AVAILABILITY = YES_AGGRESSIVE;
				CLANG_WARN_UNREACHABLE_CODE = YES;
				CLANG_WARN__DUPLICATE_METHOD_MATCH = YES;
				COPY_PHASE_STRIP = NO;
				DEBUG_INFORMATION_FORMAT = dwarf;
				ENABLE_STRICT_OBJC_MSGSEND = YES;
				ENABLE_TESTABILITY = YES;
				GCC_C_LANGUAGE_STANDARD = gnu11;
				GCC_DYNAMIC_NO_PIC = NO;
				GCC_NO_COMMON_BLOCKS = YES;
				GCC_OPTIMIZATION_LEVEL = 0;
				GCC_PREPROCESSOR_DEFINITIONS = (
					"DEBUG=1",
					"$(inherited)",
				);
				GCC_WARN_64_TO_32_BIT_CONVERSION = YES;
				GCC_WARN_ABOUT_RETURN_TYPE = YES_ERROR;
				GCC_WARN_UNDECLARED_SELECTOR = YES;
				GCC_WARN_UNINITIALIZED_AUTOS = YES_AGGRESSIVE;
				GCC_WARN_UNUSED_FUNCTION = YES;
				GCC_WARN_UNUSED_VARIABLE = YES;
				IPHONEOS_DEPLOYMENT_TARGET = 16.4;
				MTL_ENABLE_DEBUG_INFO = INCLUDE_SOURCE;
				MTL_FAST_MATH = YES;
				ONLY_ACTIVE_ARCH = YES;
				SDKROOT = iphoneos;
				SWIFT_ACTIVE_COMPILATION_CONDITIONS = DEBUG;
				SWIFT_OPTIMIZATION_LEVEL = "-Onone";
			};
			name = Debug;
		};
		042357AC2A9DD9370021972B /* Release */ = {
			isa = XCBuildConfiguration;
			buildSettings = {
				ALWAYS_SEARCH_USER_PATHS = NO;
				CLANG_ANALYZER_NONNULL = YES;
				CLANG_ANALYZER_NUMBER_OBJECT_CONVERSION = YES_AGGRESSIVE;
				CLANG_CXX_LANGUAGE_STANDARD = "gnu++20";
				CLANG_ENABLE_MODULES = YES;
				CLANG_ENABLE_OBJC_ARC = YES;
				CLANG_ENABLE_OBJC_WEAK = YES;
				CLANG_WARN_BLOCK_CAPTURE_AUTORELEASING = YES;
				CLANG_WARN_BOOL_CONVERSION = YES;
				CLANG_WARN_COMMA = YES;
				CLANG_WARN_CONSTANT_CONVERSION = YES;
				CLANG_WARN_DEPRECATED_OBJC_IMPLEMENTATIONS = YES;
				CLANG_WARN_DIRECT_OBJC_ISA_USAGE = YES_ERROR;
				CLANG_WARN_DOCUMENTATION_COMMENTS = YES;
				CLANG_WARN_EMPTY_BODY = YES;
				CLANG_WARN_ENUM_CONVERSION = YES;
				CLANG_WARN_INFINITE_RECURSION = YES;
				CLANG_WARN_INT_CONVERSION = YES;
				CLANG_WARN_NON_LITERAL_NULL_CONVERSION = YES;
				CLANG_WARN_OBJC_IMPLICIT_RETAIN_SELF = YES;
				CLANG_WARN_OBJC_LITERAL_CONVERSION = YES;
				CLANG_WARN_OBJC_ROOT_CLASS = YES_ERROR;
				CLANG_WARN_QUOTED_INCLUDE_IN_FRAMEWORK_HEADER = YES;
				CLANG_WARN_RANGE_LOOP_ANALYSIS = YES;
				CLANG_WARN_STRICT_PROTOTYPES = YES;
				CLANG_WARN_SUSPICIOUS_MOVE = YES;
				CLANG_WARN_UNGUARDED_AVAILABILITY = YES_AGGRESSIVE;
				CLANG_WARN_UNREACHABLE_CODE = YES;
				CLANG_WARN__DUPLICATE_METHOD_MATCH = YES;
				COPY_PHASE_STRIP = NO;
				DEBUG_INFORMATION_FORMAT = "dwarf-with-dsym";
				ENABLE_NS_ASSERTIONS = NO;
				ENABLE_STRICT_OBJC_MSGSEND = YES;
				GCC_C_LANGUAGE_STANDARD = gnu11;
				GCC_NO_COMMON_BLOCKS = YES;
				GCC_WARN_64_TO_32_BIT_CONVERSION = YES;
				GCC_WARN_ABOUT_RETURN_TYPE = YES_ERROR;
				GCC_WARN_UNDECLARED_SELECTOR = YES;
				GCC_WARN_UNINITIALIZED_AUTOS = YES_AGGRESSIVE;
				GCC_WARN_UNUSED_FUNCTION = YES;
				GCC_WARN_UNUSED_VARIABLE = YES;
				IPHONEOS_DEPLOYMENT_TARGET = 16.4;
				MTL_ENABLE_DEBUG_INFO = NO;
				MTL_FAST_MATH = YES;
				SDKROOT = iphoneos;
				SWIFT_COMPILATION_MODE = wholemodule;
				SWIFT_OPTIMIZATION_LEVEL = "-O";
				VALIDATE_PRODUCT = YES;
			};
			name = Release;
		};
		042357AE2A9DD9370021972B /* Debug */ = {
			isa = XCBuildConfiguration;
			baseConfigurationReference = 7C6E54B28EDA785E9781C958 /* Pods-BestShot.debug.xcconfig */;
			buildSettings = {
				ASSETCATALOG_COMPILER_APPICON_NAME = AppIcon;
				ASSETCATALOG_COMPILER_GLOBAL_ACCENT_COLOR_NAME = AccentColor;
				CODE_SIGN_STYLE = Automatic;
				CURRENT_PROJECT_VERSION = 1;
				GENERATE_INFOPLIST_FILE = YES;
				INFOPLIST_FILE = BestShot/Info.plist;
				INFOPLIST_KEY_UIApplicationSupportsIndirectInputEvents = YES;
				INFOPLIST_KEY_UILaunchStoryboardName = LaunchScreen;
				INFOPLIST_KEY_UIMainStoryboardFile = Main;
				INFOPLIST_KEY_UISupportedInterfaceOrientations_iPad = "UIInterfaceOrientationPortrait UIInterfaceOrientationPortraitUpsideDown UIInterfaceOrientationLandscapeLeft UIInterfaceOrientationLandscapeRight";
				INFOPLIST_KEY_UISupportedInterfaceOrientations_iPhone = "UIInterfaceOrientationPortrait UIInterfaceOrientationLandscapeLeft UIInterfaceOrientationLandscapeRight";
				LD_RUNPATH_SEARCH_PATHS = (
					"$(inherited)",
					"@executable_path/Frameworks",
				);
				MARKETING_VERSION = 1.0;
				PRODUCT_BUNDLE_IDENTIFIER = com.mohannad.BestShot;
				PRODUCT_NAME = "$(TARGET_NAME)";
				SWIFT_EMIT_LOC_STRINGS = YES;
				SWIFT_VERSION = 5.0;
				TARGETED_DEVICE_FAMILY = "1,2";
			};
			name = Debug;
		};
		042357AF2A9DD9370021972B /* Release */ = {
			isa = XCBuildConfiguration;
			baseConfigurationReference = 826662E816BE38697E05C467 /* Pods-BestShot.release.xcconfig */;
			buildSettings = {
				ASSETCATALOG_COMPILER_APPICON_NAME = AppIcon;
				ASSETCATALOG_COMPILER_GLOBAL_ACCENT_COLOR_NAME = AccentColor;
				CODE_SIGN_STYLE = Automatic;
				CURRENT_PROJECT_VERSION = 1;
				GENERATE_INFOPLIST_FILE = YES;
				INFOPLIST_FILE = BestShot/Info.plist;
				INFOPLIST_KEY_UIApplicationSupportsIndirectInputEvents = YES;
				INFOPLIST_KEY_UILaunchStoryboardName = LaunchScreen;
				INFOPLIST_KEY_UIMainStoryboardFile = Main;
				INFOPLIST_KEY_UISupportedInterfaceOrientations_iPad = "UIInterfaceOrientationPortrait UIInterfaceOrientationPortraitUpsideDown UIInterfaceOrientationLandscapeLeft UIInterfaceOrientationLandscapeRight";
				INFOPLIST_KEY_UISupportedInterfaceOrientations_iPhone = "UIInterfaceOrientationPortrait UIInterfaceOrientationLandscapeLeft UIInterfaceOrientationLandscapeRight";
				LD_RUNPATH_SEARCH_PATHS = (
					"$(inherited)",
					"@executable_path/Frameworks",
				);
				MARKETING_VERSION = 1.0;
				PRODUCT_BUNDLE_IDENTIFIER = com.mohannad.BestShot;
				PRODUCT_NAME = "$(TARGET_NAME)";
				SWIFT_EMIT_LOC_STRINGS = YES;
				SWIFT_VERSION = 5.0;
				TARGETED_DEVICE_FAMILY = "1,2";
			};
			name = Release;
		};
		042357B12A9DD9370021972B /* Debug */ = {
			isa = XCBuildConfiguration;
			baseConfigurationReference = 20E87EA572F951839133863E /* Pods-BestShotTests.debug.xcconfig */;
			buildSettings = {
				ALWAYS_EMBED_SWIFT_STANDARD_LIBRARIES = YES;
				BUNDLE_LOADER = "$(TEST_HOST)";
				CODE_SIGN_STYLE = Automatic;
				CURRENT_PROJECT_VERSION = 1;
				GENERATE_INFOPLIST_FILE = YES;
				IPHONEOS_DEPLOYMENT_TARGET = 16.4;
				MARKETING_VERSION = 1.0;
				PRODUCT_BUNDLE_IDENTIFIER = com.mohannad.BestShotTests;
				PRODUCT_NAME = "$(TARGET_NAME)";
				SWIFT_EMIT_LOC_STRINGS = NO;
				SWIFT_VERSION = 5.0;
				TARGETED_DEVICE_FAMILY = "1,2";
				TEST_HOST = "$(BUILT_PRODUCTS_DIR)/BestShot.app/$(BUNDLE_EXECUTABLE_FOLDER_PATH)/BestShot";
			};
			name = Debug;
		};
		042357B22A9DD9370021972B /* Release */ = {
			isa = XCBuildConfiguration;
			baseConfigurationReference = 63E41F365A193FB0FB41F4C9 /* Pods-BestShotTests.release.xcconfig */;
			buildSettings = {
				ALWAYS_EMBED_SWIFT_STANDARD_LIBRARIES = YES;
				BUNDLE_LOADER = "$(TEST_HOST)";
				CODE_SIGN_STYLE = Automatic;
				CURRENT_PROJECT_VERSION = 1;
				GENERATE_INFOPLIST_FILE = YES;
				IPHONEOS_DEPLOYMENT_TARGET = 16.4;
				MARKETING_VERSION = 1.0;
				PRODUCT_BUNDLE_IDENTIFIER = com.mohannad.BestShotTests;
				PRODUCT_NAME = "$(TARGET_NAME)";
				SWIFT_EMIT_LOC_STRINGS = NO;
				SWIFT_VERSION = 5.0;
				TARGETED_DEVICE_FAMILY = "1,2";
				TEST_HOST = "$(BUILT_PRODUCTS_DIR)/BestShot.app/$(BUNDLE_EXECUTABLE_FOLDER_PATH)/BestShot";
			};
			name = Release;
		};
		042357B42A9DD9370021972B /* Debug */ = {
			isa = XCBuildConfiguration;
			baseConfigurationReference = D2B6A1116BE14F5F0FA31328 /* Pods-BestShot-BestShotUITests.debug.xcconfig */;
			buildSettings = {
				ALWAYS_EMBED_SWIFT_STANDARD_LIBRARIES = YES;
				CODE_SIGN_STYLE = Automatic;
				CURRENT_PROJECT_VERSION = 1;
				GENERATE_INFOPLIST_FILE = YES;
				MARKETING_VERSION = 1.0;
				PRODUCT_BUNDLE_IDENTIFIER = com.mohannad.BestShotUITests;
				PRODUCT_NAME = "$(TARGET_NAME)";
				SWIFT_EMIT_LOC_STRINGS = NO;
				SWIFT_VERSION = 5.0;
				TARGETED_DEVICE_FAMILY = "1,2";
				TEST_TARGET_NAME = BestShot;
			};
			name = Debug;
		};
		042357B52A9DD9370021972B /* Release */ = {
			isa = XCBuildConfiguration;
			baseConfigurationReference = D56808E2A5E62CF189C6726D /* Pods-BestShot-BestShotUITests.release.xcconfig */;
			buildSettings = {
				ALWAYS_EMBED_SWIFT_STANDARD_LIBRARIES = YES;
				CODE_SIGN_STYLE = Automatic;
				CURRENT_PROJECT_VERSION = 1;
				GENERATE_INFOPLIST_FILE = YES;
				MARKETING_VERSION = 1.0;
				PRODUCT_BUNDLE_IDENTIFIER = com.mohannad.BestShotUITests;
				PRODUCT_NAME = "$(TARGET_NAME)";
				SWIFT_EMIT_LOC_STRINGS = NO;
				SWIFT_VERSION = 5.0;
				TARGETED_DEVICE_FAMILY = "1,2";
				TEST_TARGET_NAME = BestShot;
			};
			name = Release;
		};
/* End XCBuildConfiguration section */

/* Begin XCConfigurationList section */
		0423577E2A9DD9360021972B /* Build configuration list for PBXProject "BestShot" */ = {
			isa = XCConfigurationList;
			buildConfigurations = (
				042357AB2A9DD9370021972B /* Debug */,
				042357AC2A9DD9370021972B /* Release */,
			);
			defaultConfigurationIsVisible = 0;
			defaultConfigurationName = Release;
		};
		042357AD2A9DD9370021972B /* Build configuration list for PBXNativeTarget "BestShot" */ = {
			isa = XCConfigurationList;
			buildConfigurations = (
				042357AE2A9DD9370021972B /* Debug */,
				042357AF2A9DD9370021972B /* Release */,
			);
			defaultConfigurationIsVisible = 0;
			defaultConfigurationName = Release;
		};
		042357B02A9DD9370021972B /* Build configuration list for PBXNativeTarget "BestShotTests" */ = {
			isa = XCConfigurationList;
			buildConfigurations = (
				042357B12A9DD9370021972B /* Debug */,
				042357B22A9DD9370021972B /* Release */,
			);
			defaultConfigurationIsVisible = 0;
			defaultConfigurationName = Release;
		};
		042357B32A9DD9370021972B /* Build configuration list for PBXNativeTarget "BestShotUITests" */ = {
			isa = XCConfigurationList;
			buildConfigurations = (
				042357B42A9DD9370021972B /* Debug */,
				042357B52A9DD9370021972B /* Release */,
			);
			defaultConfigurationIsVisible = 0;
			defaultConfigurationName = Release;
		};
/* End XCConfigurationList section */
	};
	rootObject = 0423577B2A9DD9360021972B /* Project object */;
}
